// !$*UTF8*$!
{
	archiveVersion = 1;
	classes = {
	};
	objectVersion = 46;
	objects = {

/* Begin PBXBuildFile section */
		17604B671785CA59005CF054 /* UIKit.framework in Frameworks */ = {isa = PBXBuildFile; fileRef = 17604B661785CA59005CF054 /* UIKit.framework */; };
		17604B691785CA59005CF054 /* Foundation.framework in Frameworks */ = {isa = PBXBuildFile; fileRef = 17604B681785CA59005CF054 /* Foundation.framework */; };
		17604B6B1785CA59005CF054 /* CoreGraphics.framework in Frameworks */ = {isa = PBXBuildFile; fileRef = 17604B6A1785CA59005CF054 /* CoreGraphics.framework */; };
		17604B711785CA59005CF054 /* InfoPlist.strings in Resources */ = {isa = PBXBuildFile; fileRef = 17604B6F1785CA59005CF054 /* InfoPlist.strings */; };
		17604B731785CA59005CF054 /* main.m in Sources */ = {isa = PBXBuildFile; fileRef = 17604B721785CA59005CF054 /* main.m */; };
		17604B771785CA59005CF054 /* SMLRcamAppDelegate.m in Sources */ = {isa = PBXBuildFile; fileRef = 17604B761785CA59005CF054 /* SMLRcamAppDelegate.m */; };
		17604B791785CA59005CF054 /* Default.png in Resources */ = {isa = PBXBuildFile; fileRef = 17604B781785CA59005CF054 /* Default.png */; };
		17604B7B1785CA59005CF054 /* Default@2x.png in Resources */ = {isa = PBXBuildFile; fileRef = 17604B7A1785CA59005CF054 /* Default@2x.png */; };
		17604B7D1785CA59005CF054 /* Default-568h@2x.png in Resources */ = {isa = PBXBuildFile; fileRef = 17604B7C1785CA59005CF054 /* Default-568h@2x.png */; };
		17604B801785CA59005CF054 /* MainStoryboard.storyboard in Resources */ = {isa = PBXBuildFile; fileRef = 17604B7E1785CA59005CF054 /* MainStoryboard.storyboard */; };
		17604B831785CA59005CF054 /* SMLRcamViewController.m in Sources */ = {isa = PBXBuildFile; fileRef = 17604B821785CA59005CF054 /* SMLRcamViewController.m */; };
		17604B8A1785CAE1005CF054 /* CoreLocation.framework in Frameworks */ = {isa = PBXBuildFile; fileRef = 17604B891785CAE1005CF054 /* CoreLocation.framework */; };
		17604B8C1785CAE8005CF054 /* CoreMotion.framework in Frameworks */ = {isa = PBXBuildFile; fileRef = 17604B8B1785CAE8005CF054 /* CoreMotion.framework */; };
		17604B8E1785CB02005CF054 /* GLKit.framework in Frameworks */ = {isa = PBXBuildFile; fileRef = 17604B8D1785CB02005CF054 /* GLKit.framework */; };
		17604B901785CB0C005CF054 /* ImageIO.framework in Frameworks */ = {isa = PBXBuildFile; fileRef = 17604B8F1785CB0C005CF054 /* ImageIO.framework */; };
		17604B921785CB27005CF054 /* CoreImage.framework in Frameworks */ = {isa = PBXBuildFile; fileRef = 17604B911785CB27005CF054 /* CoreImage.framework */; };
		17604B941785CB35005CF054 /* AVFoundation.framework in Frameworks */ = {isa = PBXBuildFile; fileRef = 17604B931785CB35005CF054 /* AVFoundation.framework */; };
		17604B991785F4CA005CF054 /* CoreVideo.framework in Frameworks */ = {isa = PBXBuildFile; fileRef = 17604B981785F4CA005CF054 /* CoreVideo.framework */; };
		17604B9C1785F4F0005CF054 /* AssetsLibrary.framework in Frameworks */ = {isa = PBXBuildFile; fileRef = 17604B961785F4B5005CF054 /* AssetsLibrary.framework */; };
		17604B9E1785F522005CF054 /* CoreMedia.framework in Frameworks */ = {isa = PBXBuildFile; fileRef = 17604B9D1785F522005CF054 /* CoreMedia.framework */; };
		17604B9F1785FF78005CF054 /* QuartzCore.framework in Frameworks */ = {isa = PBXBuildFile; fileRef = 17604B9A1785F4DA005CF054 /* QuartzCore.framework */; };
		AAED6C9417A2C446004888FE /* camButton.png in Resources */ = {isa = PBXBuildFile; fileRef = AAED6C9217A2C446004888FE /* camButton.png */; };
		AAED6C9517A2C446004888FE /* closeButton.png in Resources */ = {isa = PBXBuildFile; fileRef = AAED6C9317A2C446004888FE /* closeButton.png */; };
		AAED6C9817A2CD92004888FE /* PassthroughView.m in Sources */ = {isa = PBXBuildFile; fileRef = AAED6C9717A2CD92004888FE /* PassthroughView.m */; };
		AAED6C9A17A2E748004888FE /* camButton_axtive.png in Resources */ = {isa = PBXBuildFile; fileRef = AAED6C9917A2E748004888FE /* camButton_axtive.png */; };
/* End PBXBuildFile section */

/* Begin PBXFileReference section */
		17604B631785CA59005CF054 /* SMLRcam.app */ = {isa = PBXFileReference; explicitFileType = wrapper.application; includeInIndex = 0; path = SMLRcam.app; sourceTree = BUILT_PRODUCTS_DIR; };
		17604B661785CA59005CF054 /* UIKit.framework */ = {isa = PBXFileReference; lastKnownFileType = wrapper.framework; name = UIKit.framework; path = System/Library/Frameworks/UIKit.framework; sourceTree = SDKROOT; };
		17604B681785CA59005CF054 /* Foundation.framework */ = {isa = PBXFileReference; lastKnownFileType = wrapper.framework; name = Foundation.framework; path = System/Library/Frameworks/Foundation.framework; sourceTree = SDKROOT; };
		17604B6A1785CA59005CF054 /* CoreGraphics.framework */ = {isa = PBXFileReference; lastKnownFileType = wrapper.framework; name = CoreGraphics.framework; path = System/Library/Frameworks/CoreGraphics.framework; sourceTree = SDKROOT; };
		17604B6E1785CA59005CF054 /* SMLRcam-Info.plist */ = {isa = PBXFileReference; lastKnownFileType = text.plist.xml; path = "SMLRcam-Info.plist"; sourceTree = "<group>"; };
		17604B701785CA59005CF054 /* en */ = {isa = PBXFileReference; lastKnownFileType = text.plist.strings; name = en; path = en.lproj/InfoPlist.strings; sourceTree = "<group>"; };
		17604B721785CA59005CF054 /* main.m */ = {isa = PBXFileReference; lastKnownFileType = sourcecode.c.objc; path = main.m; sourceTree = "<group>"; };
		17604B741785CA59005CF054 /* SMLRcam-Prefix.pch */ = {isa = PBXFileReference; lastKnownFileType = sourcecode.c.h; path = "SMLRcam-Prefix.pch"; sourceTree = "<group>"; };
		17604B751785CA59005CF054 /* SMLRcamAppDelegate.h */ = {isa = PBXFileReference; lastKnownFileType = sourcecode.c.h; path = SMLRcamAppDelegate.h; sourceTree = "<group>"; };
		17604B761785CA59005CF054 /* SMLRcamAppDelegate.m */ = {isa = PBXFileReference; lastKnownFileType = sourcecode.c.objc; path = SMLRcamAppDelegate.m; sourceTree = "<group>"; };
		17604B781785CA59005CF054 /* Default.png */ = {isa = PBXFileReference; lastKnownFileType = image.png; path = Default.png; sourceTree = "<group>"; };
		17604B7A1785CA59005CF054 /* Default@2x.png */ = {isa = PBXFileReference; lastKnownFileType = image.png; path = "Default@2x.png"; sourceTree = "<group>"; };
		17604B7C1785CA59005CF054 /* Default-568h@2x.png */ = {isa = PBXFileReference; lastKnownFileType = image.png; path = "Default-568h@2x.png"; sourceTree = "<group>"; };
		17604B7F1785CA59005CF054 /* en */ = {isa = PBXFileReference; lastKnownFileType = file.storyboard; name = en; path = en.lproj/MainStoryboard.storyboard; sourceTree = "<group>"; };
		17604B811785CA59005CF054 /* SMLRcamViewController.h */ = {isa = PBXFileReference; lastKnownFileType = sourcecode.c.h; path = SMLRcamViewController.h; sourceTree = "<group>"; };
		17604B821785CA59005CF054 /* SMLRcamViewController.m */ = {isa = PBXFileReference; lastKnownFileType = sourcecode.c.objc; path = SMLRcamViewController.m; sourceTree = "<group>"; };
		17604B891785CAE1005CF054 /* CoreLocation.framework */ = {isa = PBXFileReference; lastKnownFileType = wrapper.framework; name = CoreLocation.framework; path = System/Library/Frameworks/CoreLocation.framework; sourceTree = SDKROOT; };
		17604B8B1785CAE8005CF054 /* CoreMotion.framework */ = {isa = PBXFileReference; lastKnownFileType = wrapper.framework; name = CoreMotion.framework; path = System/Library/Frameworks/CoreMotion.framework; sourceTree = SDKROOT; };
		17604B8D1785CB02005CF054 /* GLKit.framework */ = {isa = PBXFileReference; lastKnownFileType = wrapper.framework; name = GLKit.framework; path = System/Library/Frameworks/GLKit.framework; sourceTree = SDKROOT; };
		17604B8F1785CB0C005CF054 /* ImageIO.framework */ = {isa = PBXFileReference; lastKnownFileType = wrapper.framework; name = ImageIO.framework; path = System/Library/Frameworks/ImageIO.framework; sourceTree = SDKROOT; };
		17604B911785CB27005CF054 /* CoreImage.framework */ = {isa = PBXFileReference; lastKnownFileType = wrapper.framework; name = CoreImage.framework; path = System/Library/Frameworks/CoreImage.framework; sourceTree = SDKROOT; };
		17604B931785CB35005CF054 /* AVFoundation.framework */ = {isa = PBXFileReference; lastKnownFileType = wrapper.framework; name = AVFoundation.framework; path = System/Library/Frameworks/AVFoundation.framework; sourceTree = SDKROOT; };
		17604B961785F4B5005CF054 /* AssetsLibrary.framework */ = {isa = PBXFileReference; lastKnownFileType = wrapper.framework; name = AssetsLibrary.framework; path = System/Library/Frameworks/AssetsLibrary.framework; sourceTree = SDKROOT; };
		17604B981785F4CA005CF054 /* CoreVideo.framework */ = {isa = PBXFileReference; lastKnownFileType = wrapper.framework; name = CoreVideo.framework; path = System/Library/Frameworks/CoreVideo.framework; sourceTree = SDKROOT; };
		17604B9A1785F4DA005CF054 /* QuartzCore.framework */ = {isa = PBXFileReference; lastKnownFileType = wrapper.framework; name = QuartzCore.framework; path = System/Library/Frameworks/QuartzCore.framework; sourceTree = SDKROOT; };
		17604B9D1785F522005CF054 /* CoreMedia.framework */ = {isa = PBXFileReference; lastKnownFileType = wrapper.framework; name = CoreMedia.framework; path = System/Library/Frameworks/CoreMedia.framework; sourceTree = SDKROOT; };
		AAED6C9217A2C446004888FE /* camButton.png */ = {isa = PBXFileReference; lastKnownFileType = image.png; path = camButton.png; sourceTree = "<group>"; };
		AAED6C9317A2C446004888FE /* closeButton.png */ = {isa = PBXFileReference; lastKnownFileType = image.png; path = closeButton.png; sourceTree = "<group>"; };
		AAED6C9617A2CD92004888FE /* PassthroughView.h */ = {isa = PBXFileReference; fileEncoding = 4; lastKnownFileType = sourcecode.c.h; path = PassthroughView.h; sourceTree = "<group>"; };
		AAED6C9717A2CD92004888FE /* PassthroughView.m */ = {isa = PBXFileReference; fileEncoding = 4; lastKnownFileType = sourcecode.c.objc; path = PassthroughView.m; sourceTree = "<group>"; };
		AAED6C9917A2E748004888FE /* camButton_axtive.png */ = {isa = PBXFileReference; lastKnownFileType = image.png; path = camButton_axtive.png; sourceTree = "<group>"; };
/* End PBXFileReference section */

/* Begin PBXFrameworksBuildPhase section */
		17604B601785CA59005CF054 /* Frameworks */ = {
			isa = PBXFrameworksBuildPhase;
			buildActionMask = 2147483647;
			files = (
				17604B9F1785FF78005CF054 /* QuartzCore.framework in Frameworks */,
				17604B8A1785CAE1005CF054 /* CoreLocation.framework in Frameworks */,
				17604B8E1785CB02005CF054 /* GLKit.framework in Frameworks */,
				17604B8C1785CAE8005CF054 /* CoreMotion.framework in Frameworks */,
				17604B901785CB0C005CF054 /* ImageIO.framework in Frameworks */,
				17604B9E1785F522005CF054 /* CoreMedia.framework in Frameworks */,
				17604B6B1785CA59005CF054 /* CoreGraphics.framework in Frameworks */,
				17604B9C1785F4F0005CF054 /* AssetsLibrary.framework in Frameworks */,
				17604B921785CB27005CF054 /* CoreImage.framework in Frameworks */,
				17604B941785CB35005CF054 /* AVFoundation.framework in Frameworks */,
				17604B991785F4CA005CF054 /* CoreVideo.framework in Frameworks */,
				17604B671785CA59005CF054 /* UIKit.framework in Frameworks */,
				17604B691785CA59005CF054 /* Foundation.framework in Frameworks */,
			);
			runOnlyForDeploymentPostprocessing = 0;
		};
/* End PBXFrameworksBuildPhase section */

/* Begin PBXGroup section */
		17604B5A1785CA59005CF054 = {
			isa = PBXGroup;
			children = (
				17604B6C1785CA59005CF054 /* SMLRcam */,
				17604B651785CA59005CF054 /* Frameworks */,
				17604B641785CA59005CF054 /* Products */,
			);
			sourceTree = "<group>";
		};
		17604B641785CA59005CF054 /* Products */ = {
			isa = PBXGroup;
			children = (
				17604B631785CA59005CF054 /* SMLRcam.app */,
			);
			name = Products;
			sourceTree = "<group>";
		};
		17604B651785CA59005CF054 /* Frameworks */ = {
			isa = PBXGroup;
			children = (
				17604B9D1785F522005CF054 /* CoreMedia.framework */,
				17604B9A1785F4DA005CF054 /* QuartzCore.framework */,
				17604B981785F4CA005CF054 /* CoreVideo.framework */,
				17604B961785F4B5005CF054 /* AssetsLibrary.framework */,
				17604B931785CB35005CF054 /* AVFoundation.framework */,
				17604B911785CB27005CF054 /* CoreImage.framework */,
				17604B8F1785CB0C005CF054 /* ImageIO.framework */,
				17604B8D1785CB02005CF054 /* GLKit.framework */,
				17604B8B1785CAE8005CF054 /* CoreMotion.framework */,
				17604B891785CAE1005CF054 /* CoreLocation.framework */,
				17604B661785CA59005CF054 /* UIKit.framework */,
				17604B681785CA59005CF054 /* Foundation.framework */,
				17604B6A1785CA59005CF054 /* CoreGraphics.framework */,
			);
			name = Frameworks;
			sourceTree = "<group>";
		};
		17604B6C1785CA59005CF054 /* SMLRcam */ = {
			isa = PBXGroup;
			children = (
				17604B751785CA59005CF054 /* SMLRcamAppDelegate.h */,
				17604B761785CA59005CF054 /* SMLRcamAppDelegate.m */,
				17604B7E1785CA59005CF054 /* MainStoryboard.storyboard */,
				17604B811785CA59005CF054 /* SMLRcamViewController.h */,
				17604B821785CA59005CF054 /* SMLRcamViewController.m */,
				AAED6C9017A2C433004888FE /* App Resources */,
				17604B6D1785CA59005CF054 /* Supporting Files */,
				AAED6C9617A2CD92004888FE /* PassthroughView.h */,
				AAED6C9717A2CD92004888FE /* PassthroughView.m */,
			);
			path = SMLRcam;
			sourceTree = "<group>";
		};
		17604B6D1785CA59005CF054 /* Supporting Files */ = {
			isa = PBXGroup;
			children = (
				17604B6E1785CA59005CF054 /* SMLRcam-Info.plist */,
				17604B6F1785CA59005CF054 /* InfoPlist.strings */,
				17604B721785CA59005CF054 /* main.m */,
				17604B741785CA59005CF054 /* SMLRcam-Prefix.pch */,
				17604B781785CA59005CF054 /* Default.png */,
				17604B7A1785CA59005CF054 /* Default@2x.png */,
				17604B7C1785CA59005CF054 /* Default-568h@2x.png */,
			);
			name = "Supporting Files";
			sourceTree = "<group>";
		};
		AAED6C9017A2C433004888FE /* App Resources */ = {
			isa = PBXGroup;
			children = (
				AAED6C9117A2C43E004888FE /* Images */,
			);
			name = "App Resources";
			sourceTree = "<group>";
		};
		AAED6C9117A2C43E004888FE /* Images */ = {
			isa = PBXGroup;
			children = (
				AAED6C9917A2E748004888FE /* camButton_axtive.png */,
				AAED6C9217A2C446004888FE /* camButton.png */,
				AAED6C9317A2C446004888FE /* closeButton.png */,
			);
			name = Images;
			sourceTree = "<group>";
		};
/* End PBXGroup section */

/* Begin PBXNativeTarget section */
		17604B621785CA59005CF054 /* SMLRcam */ = {
			isa = PBXNativeTarget;
			buildConfigurationList = 17604B861785CA59005CF054 /* Build configuration list for PBXNativeTarget "SMLRcam" */;
			buildPhases = (
				17604B5F1785CA59005CF054 /* Sources */,
				17604B601785CA59005CF054 /* Frameworks */,
				17604B611785CA59005CF054 /* Resources */,
			);
			buildRules = (
			);
			dependencies = (
			);
			name = SMLRcam;
			productName = SMLRcam;
			productReference = 17604B631785CA59005CF054 /* SMLRcam.app */;
			productType = "com.apple.product-type.application";
		};
/* End PBXNativeTarget section */

/* Begin PBXProject section */
		17604B5B1785CA59005CF054 /* Project object */ = {
			isa = PBXProject;
			attributes = {
				CLASSPREFIX = SMLRcam;
				LastUpgradeCheck = 0460;
				ORGANIZATIONNAME = "Denis Delorme";
			};
			buildConfigurationList = 17604B5E1785CA59005CF054 /* Build configuration list for PBXProject "SMLRcam" */;
			compatibilityVersion = "Xcode 3.2";
			developmentRegion = English;
			hasScannedForEncodings = 0;
			knownRegions = (
				en,
			);
			mainGroup = 17604B5A1785CA59005CF054;
			productRefGroup = 17604B641785CA59005CF054 /* Products */;
			projectDirPath = "";
			projectRoot = "";
			targets = (
				17604B621785CA59005CF054 /* SMLRcam */,
			);
		};
/* End PBXProject section */

/* Begin PBXResourcesBuildPhase section */
		17604B611785CA59005CF054 /* Resources */ = {
			isa = PBXResourcesBuildPhase;
			buildActionMask = 2147483647;
			files = (
				17604B711785CA59005CF054 /* InfoPlist.strings in Resources */,
				17604B791785CA59005CF054 /* Default.png in Resources */,
				17604B7B1785CA59005CF054 /* Default@2x.png in Resources */,
				17604B7D1785CA59005CF054 /* Default-568h@2x.png in Resources */,
				17604B801785CA59005CF054 /* MainStoryboard.storyboard in Resources */,
				AAED6C9417A2C446004888FE /* camButton.png in Resources */,
				AAED6C9517A2C446004888FE /* closeButton.png in Resources */,
				AAED6C9A17A2E748004888FE /* camButton_axtive.png in Resources */,
			);
			runOnlyForDeploymentPostprocessing = 0;
		};
/* End PBXResourcesBuildPhase section */

/* Begin PBXSourcesBuildPhase section */
		17604B5F1785CA59005CF054 /* Sources */ = {
			isa = PBXSourcesBuildPhase;
			buildActionMask = 2147483647;
			files = (
				17604B731785CA59005CF054 /* main.m in Sources */,
				17604B771785CA59005CF054 /* SMLRcamAppDelegate.m in Sources */,
				17604B831785CA59005CF054 /* SMLRcamViewController.m in Sources */,
				AAED6C9817A2CD92004888FE /* PassthroughView.m in Sources */,
			);
			runOnlyForDeploymentPostprocessing = 0;
		};
/* End PBXSourcesBuildPhase section */

/* Begin PBXVariantGroup section */
		17604B6F1785CA59005CF054 /* InfoPlist.strings */ = {
			isa = PBXVariantGroup;
			children = (
				17604B701785CA59005CF054 /* en */,
			);
			name = InfoPlist.strings;
			sourceTree = "<group>";
		};
		17604B7E1785CA59005CF054 /* MainStoryboard.storyboard */ = {
			isa = PBXVariantGroup;
			children = (
				17604B7F1785CA59005CF054 /* en */,
			);
			name = MainStoryboard.storyboard;
			sourceTree = "<group>";
		};
/* End PBXVariantGroup section */

/* Begin XCBuildConfiguration section */
		17604B841785CA59005CF054 /* Debug */ = {
			isa = XCBuildConfiguration;
			buildSettings = {
				ALWAYS_SEARCH_USER_PATHS = NO;
				CLANG_CXX_LANGUAGE_STANDARD = "gnu++0x";
				CLANG_CXX_LIBRARY = "libc++";
				CLANG_ENABLE_OBJC_ARC = YES;
				CLANG_WARN_CONSTANT_CONVERSION = YES;
				CLANG_WARN_EMPTY_BODY = YES;
				CLANG_WARN_ENUM_CONVERSION = YES;
				CLANG_WARN_INT_CONVERSION = YES;
				CLANG_WARN__DUPLICATE_METHOD_MATCH = YES;
				"CODE_SIGN_IDENTITY[sdk=iphoneos*]" = "iPhone Developer";
				COPY_PHASE_STRIP = NO;
				GCC_C_LANGUAGE_STANDARD = gnu99;
				GCC_DYNAMIC_NO_PIC = NO;
				GCC_OPTIMIZATION_LEVEL = 0;
				GCC_PREPROCESSOR_DEFINITIONS = (
					"DEBUG=1",
					"$(inherited)",
				);
				GCC_SYMBOLS_PRIVATE_EXTERN = NO;
				GCC_WARN_ABOUT_RETURN_TYPE = YES;
				GCC_WARN_UNINITIALIZED_AUTOS = YES;
				GCC_WARN_UNUSED_VARIABLE = YES;
				IPHONEOS_DEPLOYMENT_TARGET = 6.1;
				ONLY_ACTIVE_ARCH = YES;
				SDKROOT = iphoneos;
			};
			name = Debug;
		};
		17604B851785CA59005CF054 /* Release */ = {
			isa = XCBuildConfiguration;
			buildSettings = {
				ALWAYS_SEARCH_USER_PATHS = NO;
				CLANG_CXX_LANGUAGE_STANDARD = "gnu++0x";
				CLANG_CXX_LIBRARY = "libc++";
				CLANG_ENABLE_OBJC_ARC = YES;
				CLANG_WARN_CONSTANT_CONVERSION = YES;
				CLANG_WARN_EMPTY_BODY = YES;
				CLANG_WARN_ENUM_CONVERSION = YES;
				CLANG_WARN_INT_CONVERSION = YES;
				CLANG_WARN__DUPLICATE_METHOD_MATCH = YES;
				"CODE_SIGN_IDENTITY[sdk=iphoneos*]" = "iPhone Developer";
				COPY_PHASE_STRIP = YES;
				GCC_C_LANGUAGE_STANDARD = gnu99;
				GCC_WARN_ABOUT_RETURN_TYPE = YES;
				GCC_WARN_UNINITIALIZED_AUTOS = YES;
				GCC_WARN_UNUSED_VARIABLE = YES;
				IPHONEOS_DEPLOYMENT_TARGET = 6.1;
				OTHER_CFLAGS = "-DNS_BLOCK_ASSERTIONS=1";
				SDKROOT = iphoneos;
				VALIDATE_PRODUCT = YES;
			};
			name = Release;
		};
		17604B871785CA59005CF054 /* Debug */ = {
			isa = XCBuildConfiguration;
			buildSettings = {
				GCC_PRECOMPILE_PREFIX_HEADER = YES;
				GCC_PREFIX_HEADER = "SMLRcam/SMLRcam-Prefix.pch";
				INFOPLIST_FILE = "SMLRcam/SMLRcam-Info.plist";
				PRODUCT_NAME = "$(TARGET_NAME)";
				WRAPPER_EXTENSION = app;
			};
			name = Debug;
		};
		17604B881785CA59005CF054 /* Release */ = {
			isa = XCBuildConfiguration;
			buildSettings = {
				GCC_PRECOMPILE_PREFIX_HEADER = YES;
				GCC_PREFIX_HEADER = "SMLRcam/SMLRcam-Prefix.pch";
				INFOPLIST_FILE = "SMLRcam/SMLRcam-Info.plist";
				PRODUCT_NAME = "$(TARGET_NAME)";
				WRAPPER_EXTENSION = app;
			};
			name = Release;
		};
/* End XCBuildConfiguration section */

/* Begin XCConfigurationList section */
		17604B5E1785CA59005CF054 /* Build configuration list for PBXProject "SMLRcam" */ = {
			isa = XCConfigurationList;
			buildConfigurations = (
				17604B841785CA59005CF054 /* Debug */,
				17604B851785CA59005CF054 /* Release */,
			);
			defaultConfigurationIsVisible = 0;
			defaultConfigurationName = Release;
		};
		17604B861785CA59005CF054 /* Build configuration list for PBXNativeTarget "SMLRcam" */ = {
			isa = XCConfigurationList;
			buildConfigurations = (
				17604B871785CA59005CF054 /* Debug */,
				17604B881785CA59005CF054 /* Release */,
			);
			defaultConfigurationIsVisible = 0;
			defaultConfigurationName = Release;
		};
/* End XCConfigurationList section */
	};
	rootObject = 17604B5B1785CA59005CF054 /* Project object */;
}
