// !$*UTF8*$!
{
	archiveVersion = 1;
	classes = {
	};
	objectVersion = 46;
	objects = {

/* Begin PBXBuildFile section */
		17604B671785CA59005CF054 /* UIKit.framework in Frameworks */ = {isa = PBXBuildFile; fileRef = 17604B661785CA59005CF054 /* UIKit.framework */; };
		17604B691785CA59005CF054 /* Foundation.framework in Frameworks */ = {isa = PBXBuildFile; fileRef = 17604B681785CA59005CF054 /* Foundation.framework */; };
		17604B6B1785CA59005CF054 /* CoreGraphics.framework in Frameworks */ = {isa = PBXBuildFile; fileRef = 17604B6A1785CA59005CF054 /* CoreGraphics.framework */; };
		17604B711785CA59005CF054 /* InfoPlist.strings in Resources */ = {isa = PBXBuildFile; fileRef = 17604B6F1785CA59005CF054 /* InfoPlist.strings */; };
		17604B731785CA59005CF054 /* main.m in Sources */ = {isa = PBXBuildFile; fileRef = 17604B721785CA59005CF054 /* main.m */; };
		17604B771785CA59005CF054 /* FluxAppDelegate.m in Sources */ = {isa = PBXBuildFile; fileRef = 17604B761785CA59005CF054 /* FluxAppDelegate.m */; };
		17604B791785CA59005CF054 /* Default.png in Resources */ = {isa = PBXBuildFile; fileRef = 17604B781785CA59005CF054 /* Default.png */; };
		17604B7B1785CA59005CF054 /* Default@2x.png in Resources */ = {isa = PBXBuildFile; fileRef = 17604B7A1785CA59005CF054 /* Default@2x.png */; };
		17604B7D1785CA59005CF054 /* Default-568h@2x.png in Resources */ = {isa = PBXBuildFile; fileRef = 17604B7C1785CA59005CF054 /* Default-568h@2x.png */; };
		17604B801785CA59005CF054 /* MainStoryboard.storyboard in Resources */ = {isa = PBXBuildFile; fileRef = 17604B7E1785CA59005CF054 /* MainStoryboard.storyboard */; };
		17604B831785CA59005CF054 /* FluxScanViewController.m in Sources */ = {isa = PBXBuildFile; fileRef = 17604B821785CA59005CF054 /* FluxScanViewController.m */; };
		17604B8A1785CAE1005CF054 /* CoreLocation.framework in Frameworks */ = {isa = PBXBuildFile; fileRef = 17604B891785CAE1005CF054 /* CoreLocation.framework */; };
		17604B8C1785CAE8005CF054 /* CoreMotion.framework in Frameworks */ = {isa = PBXBuildFile; fileRef = 17604B8B1785CAE8005CF054 /* CoreMotion.framework */; };
		17604B8E1785CB02005CF054 /* GLKit.framework in Frameworks */ = {isa = PBXBuildFile; fileRef = 17604B8D1785CB02005CF054 /* GLKit.framework */; };
		17604B901785CB0C005CF054 /* ImageIO.framework in Frameworks */ = {isa = PBXBuildFile; fileRef = 17604B8F1785CB0C005CF054 /* ImageIO.framework */; };
		17604B921785CB27005CF054 /* CoreImage.framework in Frameworks */ = {isa = PBXBuildFile; fileRef = 17604B911785CB27005CF054 /* CoreImage.framework */; };
		17604B941785CB35005CF054 /* AVFoundation.framework in Frameworks */ = {isa = PBXBuildFile; fileRef = 17604B931785CB35005CF054 /* AVFoundation.framework */; };
		17604B991785F4CA005CF054 /* CoreVideo.framework in Frameworks */ = {isa = PBXBuildFile; fileRef = 17604B981785F4CA005CF054 /* CoreVideo.framework */; };
		17604B9C1785F4F0005CF054 /* AssetsLibrary.framework in Frameworks */ = {isa = PBXBuildFile; fileRef = 17604B961785F4B5005CF054 /* AssetsLibrary.framework */; };
		17604B9E1785F522005CF054 /* CoreMedia.framework in Frameworks */ = {isa = PBXBuildFile; fileRef = 17604B9D1785F522005CF054 /* CoreMedia.framework */; };
		17604B9F1785FF78005CF054 /* QuartzCore.framework in Frameworks */ = {isa = PBXBuildFile; fileRef = 17604B9A1785F4DA005CF054 /* QuartzCore.framework */; };
		2204371A17B925870017EA93 /* FluxMapViewController.m in Sources */ = {isa = PBXBuildFile; fileRef = 2204371917B925870017EA93 /* FluxMapViewController.m */; };
		2204371C17B926260017EA93 /* MapKit.framework in Frameworks */ = {isa = PBXBuildFile; fileRef = 2204371B17B926260017EA93 /* MapKit.framework */; };
		220FE04F17BE632300A7E379 /* FluxNatigationViewController.m in Sources */ = {isa = PBXBuildFile; fileRef = 220FE04E17BE632300A7E379 /* FluxNatigationViewController.m */; };
		220FE06D17BEACAD00A7E379 /* SenTestingKit.framework in Frameworks */ = {isa = PBXBuildFile; fileRef = 220FE06C17BEACAD00A7E379 /* SenTestingKit.framework */; };
		220FE06E17BEACAD00A7E379 /* Foundation.framework in Frameworks */ = {isa = PBXBuildFile; fileRef = 17604B681785CA59005CF054 /* Foundation.framework */; };
		220FE06F17BEACAD00A7E379 /* UIKit.framework in Frameworks */ = {isa = PBXBuildFile; fileRef = 17604B661785CA59005CF054 /* UIKit.framework */; };
		220FE07517BEACAD00A7E379 /* InfoPlist.strings in Resources */ = {isa = PBXBuildFile; fileRef = 220FE07317BEACAD00A7E379 /* InfoPlist.strings */; };
		22D54EAC17BEBBA1005E817E /* Flux_LocationServiceSingleton_Test.m in Sources */ = {isa = PBXBuildFile; fileRef = 22D54EAB17BEBBA1005E817E /* Flux_LocationServiceSingleton_Test.m */; };
		22D54EAE17BEC678005E817E /* Flux_MotionManagerSingleton.m in Sources */ = {isa = PBXBuildFile; fileRef = 22D54EAD17BEC678005E817E /* Flux_MotionManagerSingleton.m */; };
		91297719F33A48B0A0A59B35 /* libPods.a in Frameworks */ = {isa = PBXBuildFile; fileRef = DCDC5AB9480146C1BC963853 /* libPods.a */; };
		AA08279E17A6AE030079672A /* Media.xcassets in Resources */ = {isa = PBXBuildFile; fileRef = AA08279D17A6ADD00079672A /* Media.xcassets */; };
		AA0BE05117A6B84800E41947 /* OpenGLES.framework in Frameworks */ = {isa = PBXBuildFile; fileRef = AA0BE05017A6B84800E41947 /* OpenGLES.framework */; };
		AA134B0217AAD09500725AB1 /* MMDrawerBarButtonItem.m in Sources */ = {isa = PBXBuildFile; fileRef = AA134AFB17AAD09500725AB1 /* MMDrawerBarButtonItem.m */; };
		AA134B0317AAD09500725AB1 /* MMDrawerController.m in Sources */ = {isa = PBXBuildFile; fileRef = AA134AFD17AAD09500725AB1 /* MMDrawerController.m */; };
		AA134B0417AAD09500725AB1 /* MMDrawerVisualState.m in Sources */ = {isa = PBXBuildFile; fileRef = AA134AFF17AAD09500725AB1 /* MMDrawerVisualState.m */; };
		AA134B0517AAD09500725AB1 /* UIViewController+MMDrawerController.m in Sources */ = {isa = PBXBuildFile; fileRef = AA134B0117AAD09500725AB1 /* UIViewController+MMDrawerController.m */; };
		AA134B0E17AAD17200725AB1 /* FluxLeftDrawerViewController.m in Sources */ = {isa = PBXBuildFile; fileRef = AA134B0D17AAD17200725AB1 /* FluxLeftDrawerViewController.m */; };
		AA4CE10017B43579008D04BE /* FluxLocationServicesSingleton.m in Sources */ = {isa = PBXBuildFile; fileRef = AA4CE0FF17B43579008D04BE /* FluxLocationServicesSingleton.m */; };
		AA4CE10317B52EDF008D04BE /* FluxMotionManagerSingleton.m in Sources */ = {isa = PBXBuildFile; fileRef = AA4CE10217B52EDF008D04BE /* FluxMotionManagerSingleton.m */; };
		AA4CE15F17B58433008D04BE /* FluxScanImageObject.m in Sources */ = {isa = PBXBuildFile; fileRef = AA4CE15E17B58433008D04BE /* FluxScanImageObject.m */; };
		AA4CE16717B919F1008D04BE /* FPPopoverController.m in Sources */ = {isa = PBXBuildFile; fileRef = AA4CE16217B919F1008D04BE /* FPPopoverController.m */; };
		AA4CE16817B919F1008D04BE /* FPPopoverView.m in Sources */ = {isa = PBXBuildFile; fileRef = AA4CE16417B919F1008D04BE /* FPPopoverView.m */; };
		AA4CE16917B919F1008D04BE /* FPTouchView.m in Sources */ = {isa = PBXBuildFile; fileRef = AA4CE16617B919F1008D04BE /* FPTouchView.m */; };
		AA4CE16D17B921E1008D04BE /* FluxAnnotationsTableViewController.m in Sources */ = {isa = PBXBuildFile; fileRef = AA4CE16C17B921E1008D04BE /* FluxAnnotationsTableViewController.m */; };
		AA4CE18217B9581E008D04BE /* FluxAnnotationTableViewCell.m in Sources */ = {isa = PBXBuildFile; fileRef = AA4CE18117B9581E008D04BE /* FluxAnnotationTableViewCell.m */; };
		AA4CEF6F17A958B000202A74 /* KTPlaceholderTextView.m in Sources */ = {isa = PBXBuildFile; fileRef = AA4CEF6E17A958B000202A74 /* KTPlaceholderTextView.m */; };
		AA70841417B2B93D005D4F9F /* FluxDrawerCheckboxFilterTableViewCell.m in Sources */ = {isa = PBXBuildFile; fileRef = AA70841317B2B93D005D4F9F /* FluxDrawerCheckboxFilterTableViewCell.m */; };
		AA70841717B2BE06005D4F9F /* KTCheckboxButton.m in Sources */ = {isa = PBXBuildFile; fileRef = AA70841617B2BE06005D4F9F /* KTCheckboxButton.m */; };
		AA70841A17B2D9FF005D4F9F /* FluxFilterDrawerObject.m in Sources */ = {isa = PBXBuildFile; fileRef = AA70841917B2D9FF005D4F9F /* FluxFilterDrawerObject.m */; };
		AA7457BA17BA78CF008988C1 /* FluxRotatingCompassButton.m in Sources */ = {isa = PBXBuildFile; fileRef = AA7457B917BA78CF008988C1 /* FluxRotatingCompassButton.m */; };
		AA7FBCF717A6CB1700410E6B /* FluxImageAnnotationViewController.m in Sources */ = {isa = PBXBuildFile; fileRef = AA7FBCF617A6CB1700410E6B /* FluxImageAnnotationViewController.m */; };
		AA7FBD3E17A6DD7600410E6B /* FluxCameraViewController.m in Sources */ = {isa = PBXBuildFile; fileRef = AA7FBD3D17A6DD7600410E6B /* FluxCameraViewController.m */; };
		AAB24E4A17AAE21E00A9BE59 /* FluxRightDrawerViewController.m in Sources */ = {isa = PBXBuildFile; fileRef = AAB24E4917AAE21E00A9BE59 /* FluxRightDrawerViewController.m */; };
		AAB24E4D17AAE4BE00A9BE59 /* FluxDrawerSwitchTableViewCell.m in Sources */ = {isa = PBXBuildFile; fileRef = AAB24E4C17AAE4BE00A9BE59 /* FluxDrawerSwitchTableViewCell.m */; };
		AAD2DFF117BBBD0500D572A4 /* FluxAPIInteraction.m in Sources */ = {isa = PBXBuildFile; fileRef = AAD2DFF017BBBD0500D572A4 /* FluxAPIInteraction.m */; };
		AAD2DFF517BBFC8200D572A4 /* FluxUserObject.m in Sources */ = {isa = PBXBuildFile; fileRef = AAD2DFF417BBFC8200D572A4 /* FluxUserObject.m */; };
		AAD2DFF817BD1F9B00D572A4 /* FluxMappingProvider.m in Sources */ = {isa = PBXBuildFile; fileRef = AAD2DFF717BD1F9A00D572A4 /* FluxMappingProvider.m */; };
		AAD2DFFB17BD56AC00D572A4 /* Security.framework in Frameworks */ = {isa = PBXBuildFile; fileRef = AAD2DFF917BD54BA00D572A4 /* Security.framework */; };
		AAED6C9817A2CD92004888FE /* PassthroughView.m in Sources */ = {isa = PBXBuildFile; fileRef = AAED6C9717A2CD92004888FE /* PassthroughView.m */; };
/* End PBXBuildFile section */

/* Begin PBXContainerItemProxy section */
		220FE07917BEACAD00A7E379 /* PBXContainerItemProxy */ = {
			isa = PBXContainerItemProxy;
			containerPortal = 17604B5B1785CA59005CF054 /* Project object */;
			proxyType = 1;
			remoteGlobalIDString = 17604B621785CA59005CF054;
			remoteInfo = Flux;
		};
/* End PBXContainerItemProxy section */

/* Begin PBXFileReference section */
		17604B631785CA59005CF054 /* Flux.app */ = {isa = PBXFileReference; explicitFileType = wrapper.application; includeInIndex = 0; path = Flux.app; sourceTree = BUILT_PRODUCTS_DIR; };
		17604B661785CA59005CF054 /* UIKit.framework */ = {isa = PBXFileReference; lastKnownFileType = wrapper.framework; name = UIKit.framework; path = System/Library/Frameworks/UIKit.framework; sourceTree = SDKROOT; };
		17604B681785CA59005CF054 /* Foundation.framework */ = {isa = PBXFileReference; lastKnownFileType = wrapper.framework; name = Foundation.framework; path = System/Library/Frameworks/Foundation.framework; sourceTree = SDKROOT; };
		17604B6A1785CA59005CF054 /* CoreGraphics.framework */ = {isa = PBXFileReference; lastKnownFileType = wrapper.framework; name = CoreGraphics.framework; path = System/Library/Frameworks/CoreGraphics.framework; sourceTree = SDKROOT; };
		17604B6E1785CA59005CF054 /* Flux-Info.plist */ = {isa = PBXFileReference; lastKnownFileType = text.plist.xml; path = "Flux-Info.plist"; sourceTree = "<group>"; };
		17604B701785CA59005CF054 /* en */ = {isa = PBXFileReference; lastKnownFileType = text.plist.strings; name = en; path = en.lproj/InfoPlist.strings; sourceTree = "<group>"; };
		17604B721785CA59005CF054 /* main.m */ = {isa = PBXFileReference; lastKnownFileType = sourcecode.c.objc; path = main.m; sourceTree = "<group>"; };
		17604B741785CA59005CF054 /* Flux-Prefix.pch */ = {isa = PBXFileReference; lastKnownFileType = sourcecode.c.h; path = "Flux-Prefix.pch"; sourceTree = "<group>"; };
		17604B751785CA59005CF054 /* FluxAppDelegate.h */ = {isa = PBXFileReference; lastKnownFileType = sourcecode.c.h; path = FluxAppDelegate.h; sourceTree = "<group>"; };
		17604B761785CA59005CF054 /* FluxAppDelegate.m */ = {isa = PBXFileReference; lastKnownFileType = sourcecode.c.objc; path = FluxAppDelegate.m; sourceTree = "<group>"; };
		17604B781785CA59005CF054 /* Default.png */ = {isa = PBXFileReference; lastKnownFileType = image.png; path = Default.png; sourceTree = "<group>"; };
		17604B7A1785CA59005CF054 /* Default@2x.png */ = {isa = PBXFileReference; lastKnownFileType = image.png; path = "Default@2x.png"; sourceTree = "<group>"; };
		17604B7C1785CA59005CF054 /* Default-568h@2x.png */ = {isa = PBXFileReference; lastKnownFileType = image.png; path = "Default-568h@2x.png"; sourceTree = "<group>"; };
		17604B7F1785CA59005CF054 /* en */ = {isa = PBXFileReference; lastKnownFileType = file.storyboard; name = en; path = en.lproj/MainStoryboard.storyboard; sourceTree = "<group>"; };
		17604B811785CA59005CF054 /* FluxScanViewController.h */ = {isa = PBXFileReference; lastKnownFileType = sourcecode.c.h; path = FluxScanViewController.h; sourceTree = "<group>"; };
		17604B821785CA59005CF054 /* FluxScanViewController.m */ = {isa = PBXFileReference; lastKnownFileType = sourcecode.c.objc; path = FluxScanViewController.m; sourceTree = "<group>"; };
		17604B891785CAE1005CF054 /* CoreLocation.framework */ = {isa = PBXFileReference; lastKnownFileType = wrapper.framework; name = CoreLocation.framework; path = System/Library/Frameworks/CoreLocation.framework; sourceTree = SDKROOT; };
		17604B8B1785CAE8005CF054 /* CoreMotion.framework */ = {isa = PBXFileReference; lastKnownFileType = wrapper.framework; name = CoreMotion.framework; path = System/Library/Frameworks/CoreMotion.framework; sourceTree = SDKROOT; };
		17604B8D1785CB02005CF054 /* GLKit.framework */ = {isa = PBXFileReference; lastKnownFileType = wrapper.framework; name = GLKit.framework; path = System/Library/Frameworks/GLKit.framework; sourceTree = SDKROOT; };
		17604B8F1785CB0C005CF054 /* ImageIO.framework */ = {isa = PBXFileReference; lastKnownFileType = wrapper.framework; name = ImageIO.framework; path = System/Library/Frameworks/ImageIO.framework; sourceTree = SDKROOT; };
		17604B911785CB27005CF054 /* CoreImage.framework */ = {isa = PBXFileReference; lastKnownFileType = wrapper.framework; name = CoreImage.framework; path = System/Library/Frameworks/CoreImage.framework; sourceTree = SDKROOT; };
		17604B931785CB35005CF054 /* AVFoundation.framework */ = {isa = PBXFileReference; lastKnownFileType = wrapper.framework; name = AVFoundation.framework; path = System/Library/Frameworks/AVFoundation.framework; sourceTree = SDKROOT; };
		17604B961785F4B5005CF054 /* AssetsLibrary.framework */ = {isa = PBXFileReference; lastKnownFileType = wrapper.framework; name = AssetsLibrary.framework; path = System/Library/Frameworks/AssetsLibrary.framework; sourceTree = SDKROOT; };
		17604B981785F4CA005CF054 /* CoreVideo.framework */ = {isa = PBXFileReference; lastKnownFileType = wrapper.framework; name = CoreVideo.framework; path = System/Library/Frameworks/CoreVideo.framework; sourceTree = SDKROOT; };
		17604B9A1785F4DA005CF054 /* QuartzCore.framework */ = {isa = PBXFileReference; lastKnownFileType = wrapper.framework; name = QuartzCore.framework; path = System/Library/Frameworks/QuartzCore.framework; sourceTree = SDKROOT; };
		17604B9D1785F522005CF054 /* CoreMedia.framework */ = {isa = PBXFileReference; lastKnownFileType = wrapper.framework; name = CoreMedia.framework; path = System/Library/Frameworks/CoreMedia.framework; sourceTree = SDKROOT; };
		2204371817B925870017EA93 /* FluxMapViewController.h */ = {isa = PBXFileReference; fileEncoding = 4; lastKnownFileType = sourcecode.c.h; path = FluxMapViewController.h; sourceTree = "<group>"; };
		2204371917B925870017EA93 /* FluxMapViewController.m */ = {isa = PBXFileReference; fileEncoding = 4; lastKnownFileType = sourcecode.c.objc; path = FluxMapViewController.m; sourceTree = "<group>"; };
		2204371B17B926260017EA93 /* MapKit.framework */ = {isa = PBXFileReference; lastKnownFileType = wrapper.framework; name = MapKit.framework; path = System/Library/Frameworks/MapKit.framework; sourceTree = SDKROOT; };
		220FE04D17BE632300A7E379 /* FluxNatigationViewController.h */ = {isa = PBXFileReference; fileEncoding = 4; lastKnownFileType = sourcecode.c.h; path = FluxNatigationViewController.h; sourceTree = "<group>"; };
		220FE04E17BE632300A7E379 /* FluxNatigationViewController.m */ = {isa = PBXFileReference; fileEncoding = 4; lastKnownFileType = sourcecode.c.objc; path = FluxNatigationViewController.m; sourceTree = "<group>"; };
		220FE06B17BEACAD00A7E379 /* Flux Tests.octest */ = {isa = PBXFileReference; explicitFileType = wrapper.cfbundle; includeInIndex = 0; path = "Flux Tests.octest"; sourceTree = BUILT_PRODUCTS_DIR; };
		220FE06C17BEACAD00A7E379 /* SenTestingKit.framework */ = {isa = PBXFileReference; lastKnownFileType = wrapper.framework; name = SenTestingKit.framework; path = Library/Frameworks/SenTestingKit.framework; sourceTree = DEVELOPER_DIR; };
		220FE07217BEACAD00A7E379 /* Flux Tests-Info.plist */ = {isa = PBXFileReference; lastKnownFileType = text.plist.xml; path = "Flux Tests-Info.plist"; sourceTree = "<group>"; };
		220FE07417BEACAD00A7E379 /* en */ = {isa = PBXFileReference; lastKnownFileType = text.plist.strings; name = en; path = en.lproj/InfoPlist.strings; sourceTree = "<group>"; };
		220FE07817BEACAD00A7E379 /* Flux Tests-Prefix.pch */ = {isa = PBXFileReference; lastKnownFileType = sourcecode.c.h; path = "Flux Tests-Prefix.pch"; sourceTree = "<group>"; };
		22D54EAB17BEBBA1005E817E /* Flux_LocationServiceSingleton_Test.m */ = {isa = PBXFileReference; fileEncoding = 4; lastKnownFileType = sourcecode.c.objc; path = Flux_LocationServiceSingleton_Test.m; sourceTree = "<group>"; };
		22D54EAD17BEC678005E817E /* Flux_MotionManagerSingleton.m */ = {isa = PBXFileReference; fileEncoding = 4; lastKnownFileType = sourcecode.c.objc; path = Flux_MotionManagerSingleton.m; sourceTree = "<group>"; };
		AA08279D17A6ADD00079672A /* Media.xcassets */ = {isa = PBXFileReference; lastKnownFileType = folder.assetcatalog; path = Media.xcassets; sourceTree = "<group>"; };
		AA0BE05017A6B84800E41947 /* OpenGLES.framework */ = {isa = PBXFileReference; lastKnownFileType = wrapper.framework; name = OpenGLES.framework; path = System/Library/Frameworks/OpenGLES.framework; sourceTree = SDKROOT; };
		AA134AFA17AAD09500725AB1 /* MMDrawerBarButtonItem.h */ = {isa = PBXFileReference; fileEncoding = 4; lastKnownFileType = sourcecode.c.h; path = MMDrawerBarButtonItem.h; sourceTree = "<group>"; };
		AA134AFB17AAD09500725AB1 /* MMDrawerBarButtonItem.m */ = {isa = PBXFileReference; fileEncoding = 4; lastKnownFileType = sourcecode.c.objc; path = MMDrawerBarButtonItem.m; sourceTree = "<group>"; };
		AA134AFC17AAD09500725AB1 /* MMDrawerController.h */ = {isa = PBXFileReference; fileEncoding = 4; lastKnownFileType = sourcecode.c.h; path = MMDrawerController.h; sourceTree = "<group>"; };
		AA134AFD17AAD09500725AB1 /* MMDrawerController.m */ = {isa = PBXFileReference; fileEncoding = 4; lastKnownFileType = sourcecode.c.objc; path = MMDrawerController.m; sourceTree = "<group>"; };
		AA134AFE17AAD09500725AB1 /* MMDrawerVisualState.h */ = {isa = PBXFileReference; fileEncoding = 4; lastKnownFileType = sourcecode.c.h; path = MMDrawerVisualState.h; sourceTree = "<group>"; };
		AA134AFF17AAD09500725AB1 /* MMDrawerVisualState.m */ = {isa = PBXFileReference; fileEncoding = 4; lastKnownFileType = sourcecode.c.objc; path = MMDrawerVisualState.m; sourceTree = "<group>"; };
		AA134B0017AAD09500725AB1 /* UIViewController+MMDrawerController.h */ = {isa = PBXFileReference; fileEncoding = 4; lastKnownFileType = sourcecode.c.h; path = "UIViewController+MMDrawerController.h"; sourceTree = "<group>"; };
		AA134B0117AAD09500725AB1 /* UIViewController+MMDrawerController.m */ = {isa = PBXFileReference; fileEncoding = 4; lastKnownFileType = sourcecode.c.objc; path = "UIViewController+MMDrawerController.m"; sourceTree = "<group>"; };
		AA134B0C17AAD17200725AB1 /* FluxLeftDrawerViewController.h */ = {isa = PBXFileReference; fileEncoding = 4; lastKnownFileType = sourcecode.c.h; path = FluxLeftDrawerViewController.h; sourceTree = "<group>"; };
		AA134B0D17AAD17200725AB1 /* FluxLeftDrawerViewController.m */ = {isa = PBXFileReference; fileEncoding = 4; lastKnownFileType = sourcecode.c.objc; path = FluxLeftDrawerViewController.m; sourceTree = "<group>"; };
		AA4CE0FE17B43579008D04BE /* FluxLocationServicesSingleton.h */ = {isa = PBXFileReference; fileEncoding = 4; lastKnownFileType = sourcecode.c.h; path = FluxLocationServicesSingleton.h; sourceTree = "<group>"; };
		AA4CE0FF17B43579008D04BE /* FluxLocationServicesSingleton.m */ = {isa = PBXFileReference; fileEncoding = 4; lastKnownFileType = sourcecode.c.objc; path = FluxLocationServicesSingleton.m; sourceTree = "<group>"; };
		AA4CE10117B52EDF008D04BE /* FluxMotionManagerSingleton.h */ = {isa = PBXFileReference; fileEncoding = 4; lastKnownFileType = sourcecode.c.h; path = FluxMotionManagerSingleton.h; sourceTree = "<group>"; };
		AA4CE10217B52EDF008D04BE /* FluxMotionManagerSingleton.m */ = {isa = PBXFileReference; fileEncoding = 4; lastKnownFileType = sourcecode.c.objc; path = FluxMotionManagerSingleton.m; sourceTree = "<group>"; };
		AA4CE15D17B58433008D04BE /* FluxScanImageObject.h */ = {isa = PBXFileReference; fileEncoding = 4; lastKnownFileType = sourcecode.c.h; path = FluxScanImageObject.h; sourceTree = "<group>"; };
		AA4CE15E17B58433008D04BE /* FluxScanImageObject.m */ = {isa = PBXFileReference; fileEncoding = 4; lastKnownFileType = sourcecode.c.objc; path = FluxScanImageObject.m; sourceTree = "<group>"; };
		AA4CE16117B919F1008D04BE /* FPPopoverController.h */ = {isa = PBXFileReference; fileEncoding = 4; lastKnownFileType = sourcecode.c.h; path = FPPopoverController.h; sourceTree = "<group>"; };
		AA4CE16217B919F1008D04BE /* FPPopoverController.m */ = {isa = PBXFileReference; fileEncoding = 4; lastKnownFileType = sourcecode.c.objc; path = FPPopoverController.m; sourceTree = "<group>"; };
		AA4CE16317B919F1008D04BE /* FPPopoverView.h */ = {isa = PBXFileReference; fileEncoding = 4; lastKnownFileType = sourcecode.c.h; path = FPPopoverView.h; sourceTree = "<group>"; };
		AA4CE16417B919F1008D04BE /* FPPopoverView.m */ = {isa = PBXFileReference; fileEncoding = 4; lastKnownFileType = sourcecode.c.objc; path = FPPopoverView.m; sourceTree = "<group>"; };
		AA4CE16517B919F1008D04BE /* FPTouchView.h */ = {isa = PBXFileReference; fileEncoding = 4; lastKnownFileType = sourcecode.c.h; path = FPTouchView.h; sourceTree = "<group>"; };
		AA4CE16617B919F1008D04BE /* FPTouchView.m */ = {isa = PBXFileReference; fileEncoding = 4; lastKnownFileType = sourcecode.c.objc; path = FPTouchView.m; sourceTree = "<group>"; };
		AA4CE16B17B921E1008D04BE /* FluxAnnotationsTableViewController.h */ = {isa = PBXFileReference; fileEncoding = 4; lastKnownFileType = sourcecode.c.h; path = FluxAnnotationsTableViewController.h; sourceTree = "<group>"; };
		AA4CE16C17B921E1008D04BE /* FluxAnnotationsTableViewController.m */ = {isa = PBXFileReference; fileEncoding = 4; lastKnownFileType = sourcecode.c.objc; path = FluxAnnotationsTableViewController.m; sourceTree = "<group>"; };
		AA4CE16E17B925A2008D04BE /* ARCMacros.h */ = {isa = PBXFileReference; fileEncoding = 4; lastKnownFileType = sourcecode.c.h; path = ARCMacros.h; sourceTree = "<group>"; };
		AA4CE18017B9581E008D04BE /* FluxAnnotationTableViewCell.h */ = {isa = PBXFileReference; fileEncoding = 4; lastKnownFileType = sourcecode.c.h; path = FluxAnnotationTableViewCell.h; sourceTree = "<group>"; };
		AA4CE18117B9581E008D04BE /* FluxAnnotationTableViewCell.m */ = {isa = PBXFileReference; fileEncoding = 4; lastKnownFileType = sourcecode.c.objc; path = FluxAnnotationTableViewCell.m; sourceTree = "<group>"; };
		AA4CEF6D17A958B000202A74 /* KTPlaceholderTextView.h */ = {isa = PBXFileReference; fileEncoding = 4; lastKnownFileType = sourcecode.c.h; path = KTPlaceholderTextView.h; sourceTree = "<group>"; };
		AA4CEF6E17A958B000202A74 /* KTPlaceholderTextView.m */ = {isa = PBXFileReference; fileEncoding = 4; lastKnownFileType = sourcecode.c.objc; path = KTPlaceholderTextView.m; sourceTree = "<group>"; };
		AA70841217B2B93D005D4F9F /* FluxDrawerCheckboxFilterTableViewCell.h */ = {isa = PBXFileReference; fileEncoding = 4; lastKnownFileType = sourcecode.c.h; path = FluxDrawerCheckboxFilterTableViewCell.h; sourceTree = "<group>"; };
		AA70841317B2B93D005D4F9F /* FluxDrawerCheckboxFilterTableViewCell.m */ = {isa = PBXFileReference; fileEncoding = 4; lastKnownFileType = sourcecode.c.objc; path = FluxDrawerCheckboxFilterTableViewCell.m; sourceTree = "<group>"; };
		AA70841517B2BE06005D4F9F /* KTCheckboxButton.h */ = {isa = PBXFileReference; fileEncoding = 4; lastKnownFileType = sourcecode.c.h; path = KTCheckboxButton.h; sourceTree = "<group>"; };
		AA70841617B2BE06005D4F9F /* KTCheckboxButton.m */ = {isa = PBXFileReference; fileEncoding = 4; lastKnownFileType = sourcecode.c.objc; path = KTCheckboxButton.m; sourceTree = "<group>"; };
		AA70841817B2D9FF005D4F9F /* FluxFilterDrawerObject.h */ = {isa = PBXFileReference; fileEncoding = 4; lastKnownFileType = sourcecode.c.h; path = FluxFilterDrawerObject.h; sourceTree = "<group>"; };
		AA70841917B2D9FF005D4F9F /* FluxFilterDrawerObject.m */ = {isa = PBXFileReference; fileEncoding = 4; lastKnownFileType = sourcecode.c.objc; path = FluxFilterDrawerObject.m; sourceTree = "<group>"; };
		AA7457B817BA78CF008988C1 /* FluxRotatingCompassButton.h */ = {isa = PBXFileReference; fileEncoding = 4; lastKnownFileType = sourcecode.c.h; path = FluxRotatingCompassButton.h; sourceTree = "<group>"; };
		AA7457B917BA78CF008988C1 /* FluxRotatingCompassButton.m */ = {isa = PBXFileReference; fileEncoding = 4; lastKnownFileType = sourcecode.c.objc; path = FluxRotatingCompassButton.m; sourceTree = "<group>"; };
		AA7FBCF517A6CB1700410E6B /* FluxImageAnnotationViewController.h */ = {isa = PBXFileReference; fileEncoding = 4; lastKnownFileType = sourcecode.c.h; path = FluxImageAnnotationViewController.h; sourceTree = "<group>"; };
		AA7FBCF617A6CB1700410E6B /* FluxImageAnnotationViewController.m */ = {isa = PBXFileReference; fileEncoding = 4; lastKnownFileType = sourcecode.c.objc; path = FluxImageAnnotationViewController.m; sourceTree = "<group>"; };
		AA7FBD3C17A6DD7600410E6B /* FluxCameraViewController.h */ = {isa = PBXFileReference; fileEncoding = 4; lastKnownFileType = sourcecode.c.h; path = FluxCameraViewController.h; sourceTree = "<group>"; };
		AA7FBD3D17A6DD7600410E6B /* FluxCameraViewController.m */ = {isa = PBXFileReference; fileEncoding = 4; lastKnownFileType = sourcecode.c.objc; path = FluxCameraViewController.m; sourceTree = "<group>"; };
		AAB24E4817AAE21E00A9BE59 /* FluxRightDrawerViewController.h */ = {isa = PBXFileReference; fileEncoding = 4; lastKnownFileType = sourcecode.c.h; path = FluxRightDrawerViewController.h; sourceTree = "<group>"; };
		AAB24E4917AAE21E00A9BE59 /* FluxRightDrawerViewController.m */ = {isa = PBXFileReference; fileEncoding = 4; lastKnownFileType = sourcecode.c.objc; path = FluxRightDrawerViewController.m; sourceTree = "<group>"; };
		AAB24E4B17AAE4BE00A9BE59 /* FluxDrawerSwitchTableViewCell.h */ = {isa = PBXFileReference; fileEncoding = 4; lastKnownFileType = sourcecode.c.h; path = FluxDrawerSwitchTableViewCell.h; sourceTree = "<group>"; };
		AAB24E4C17AAE4BE00A9BE59 /* FluxDrawerSwitchTableViewCell.m */ = {isa = PBXFileReference; fileEncoding = 4; lastKnownFileType = sourcecode.c.objc; path = FluxDrawerSwitchTableViewCell.m; sourceTree = "<group>"; };
		AAD2DFEF17BBBD0500D572A4 /* FluxAPIInteraction.h */ = {isa = PBXFileReference; fileEncoding = 4; lastKnownFileType = sourcecode.c.h; path = FluxAPIInteraction.h; sourceTree = "<group>"; };
		AAD2DFF017BBBD0500D572A4 /* FluxAPIInteraction.m */ = {isa = PBXFileReference; fileEncoding = 4; lastKnownFileType = sourcecode.c.objc; path = FluxAPIInteraction.m; sourceTree = "<group>"; };
		AAD2DFF317BBFC8200D572A4 /* FluxUserObject.h */ = {isa = PBXFileReference; fileEncoding = 4; lastKnownFileType = sourcecode.c.h; path = FluxUserObject.h; sourceTree = "<group>"; };
		AAD2DFF417BBFC8200D572A4 /* FluxUserObject.m */ = {isa = PBXFileReference; fileEncoding = 4; lastKnownFileType = sourcecode.c.objc; path = FluxUserObject.m; sourceTree = "<group>"; };
		AAD2DFF617BD1F9A00D572A4 /* FluxMappingProvider.h */ = {isa = PBXFileReference; fileEncoding = 4; lastKnownFileType = sourcecode.c.h; path = FluxMappingProvider.h; sourceTree = "<group>"; };
		AAD2DFF717BD1F9A00D572A4 /* FluxMappingProvider.m */ = {isa = PBXFileReference; fileEncoding = 4; lastKnownFileType = sourcecode.c.objc; path = FluxMappingProvider.m; sourceTree = "<group>"; };
		AAD2DFF917BD54BA00D572A4 /* Security.framework */ = {isa = PBXFileReference; lastKnownFileType = wrapper.framework; name = Security.framework; path = System/Library/Frameworks/Security.framework; sourceTree = SDKROOT; };
		AAED6C9617A2CD92004888FE /* PassthroughView.h */ = {isa = PBXFileReference; fileEncoding = 4; lastKnownFileType = sourcecode.c.h; path = PassthroughView.h; sourceTree = "<group>"; };
		AAED6C9717A2CD92004888FE /* PassthroughView.m */ = {isa = PBXFileReference; fileEncoding = 4; lastKnownFileType = sourcecode.c.objc; path = PassthroughView.m; sourceTree = "<group>"; };
		CC546F3D9E1C463ABE3119A9 /* Pods.xcconfig */ = {isa = PBXFileReference; includeInIndex = 1; lastKnownFileType = text.xcconfig; name = Pods.xcconfig; path = Pods/Pods.xcconfig; sourceTree = SOURCE_ROOT; };
		DCDC5AB9480146C1BC963853 /* libPods.a */ = {isa = PBXFileReference; explicitFileType = archive.ar; includeInIndex = 0; path = libPods.a; sourceTree = BUILT_PRODUCTS_DIR; };
/* End PBXFileReference section */

/* Begin PBXFrameworksBuildPhase section */
		17604B601785CA59005CF054 /* Frameworks */ = {
			isa = PBXFrameworksBuildPhase;
			buildActionMask = 2147483647;
			files = (
				AAD2DFFB17BD56AC00D572A4 /* Security.framework in Frameworks */,
				2204371C17B926260017EA93 /* MapKit.framework in Frameworks */,
				AA0BE05117A6B84800E41947 /* OpenGLES.framework in Frameworks */,
				17604B9F1785FF78005CF054 /* QuartzCore.framework in Frameworks */,
				17604B8A1785CAE1005CF054 /* CoreLocation.framework in Frameworks */,
				17604B8E1785CB02005CF054 /* GLKit.framework in Frameworks */,
				17604B8C1785CAE8005CF054 /* CoreMotion.framework in Frameworks */,
				17604B901785CB0C005CF054 /* ImageIO.framework in Frameworks */,
				17604B9E1785F522005CF054 /* CoreMedia.framework in Frameworks */,
				17604B6B1785CA59005CF054 /* CoreGraphics.framework in Frameworks */,
				17604B9C1785F4F0005CF054 /* AssetsLibrary.framework in Frameworks */,
				17604B921785CB27005CF054 /* CoreImage.framework in Frameworks */,
				17604B941785CB35005CF054 /* AVFoundation.framework in Frameworks */,
				17604B991785F4CA005CF054 /* CoreVideo.framework in Frameworks */,
				17604B671785CA59005CF054 /* UIKit.framework in Frameworks */,
				17604B691785CA59005CF054 /* Foundation.framework in Frameworks */,
				91297719F33A48B0A0A59B35 /* libPods.a in Frameworks */,
			);
			runOnlyForDeploymentPostprocessing = 0;
		};
		220FE06817BEACAD00A7E379 /* Frameworks */ = {
			isa = PBXFrameworksBuildPhase;
			buildActionMask = 2147483647;
			files = (
				220FE06D17BEACAD00A7E379 /* SenTestingKit.framework in Frameworks */,
				220FE06F17BEACAD00A7E379 /* UIKit.framework in Frameworks */,
				220FE06E17BEACAD00A7E379 /* Foundation.framework in Frameworks */,
			);
			runOnlyForDeploymentPostprocessing = 0;
		};
/* End PBXFrameworksBuildPhase section */

/* Begin PBXGroup section */
		17604B5A1785CA59005CF054 = {
			isa = PBXGroup;
			children = (
				17604B6C1785CA59005CF054 /* Flux */,
				220FE07017BEACAD00A7E379 /* Flux Tests */,
				17604B651785CA59005CF054 /* Frameworks */,
				17604B641785CA59005CF054 /* Products */,
				CC546F3D9E1C463ABE3119A9 /* Pods.xcconfig */,
			);
			sourceTree = "<group>";
		};
		17604B641785CA59005CF054 /* Products */ = {
			isa = PBXGroup;
			children = (
				17604B631785CA59005CF054 /* Flux.app */,
				220FE06B17BEACAD00A7E379 /* Flux Tests.octest */,
			);
			name = Products;
			sourceTree = "<group>";
		};
		17604B651785CA59005CF054 /* Frameworks */ = {
			isa = PBXGroup;
			children = (
				AAD2DFF917BD54BA00D572A4 /* Security.framework */,
				2204371B17B926260017EA93 /* MapKit.framework */,
				AA0BE05017A6B84800E41947 /* OpenGLES.framework */,
				17604B9D1785F522005CF054 /* CoreMedia.framework */,
				17604B9A1785F4DA005CF054 /* QuartzCore.framework */,
				17604B981785F4CA005CF054 /* CoreVideo.framework */,
				17604B961785F4B5005CF054 /* AssetsLibrary.framework */,
				17604B931785CB35005CF054 /* AVFoundation.framework */,
				17604B911785CB27005CF054 /* CoreImage.framework */,
				17604B8F1785CB0C005CF054 /* ImageIO.framework */,
				17604B8D1785CB02005CF054 /* GLKit.framework */,
				17604B8B1785CAE8005CF054 /* CoreMotion.framework */,
				17604B891785CAE1005CF054 /* CoreLocation.framework */,
				17604B661785CA59005CF054 /* UIKit.framework */,
				17604B681785CA59005CF054 /* Foundation.framework */,
				17604B6A1785CA59005CF054 /* CoreGraphics.framework */,
				DCDC5AB9480146C1BC963853 /* libPods.a */,
				220FE06C17BEACAD00A7E379 /* SenTestingKit.framework */,
			);
			name = Frameworks;
			sourceTree = "<group>";
		};
		17604B6C1785CA59005CF054 /* Flux */ = {
			isa = PBXGroup;
			children = (
				17604B751785CA59005CF054 /* FluxAppDelegate.h */,
				17604B761785CA59005CF054 /* FluxAppDelegate.m */,
				17604B7E1785CA59005CF054 /* MainStoryboard.storyboard */,
				AA85AD7117A999A9003EBC89 /* Scan View */,
				AA08279D17A6ADD00079672A /* Media.xcassets */,
				2204371717B925380017EA93 /* Map Views */,
				AA85AD7217A999D4003EBC89 /* Camera Views */,
				AA4CEF6C17A9586F00202A74 /* Custom UI Elements */,
				AA4CE0FD17B43559008D04BE /* Tools */,
				AA4CE15C17B58320008D04BE /* Network */,
				17604B6D1785CA59005CF054 /* Supporting Files */,
			);
			name = Flux;
			path = SMLRcam;
			sourceTree = "<group>";
		};
		17604B6D1785CA59005CF054 /* Supporting Files */ = {
			isa = PBXGroup;
			children = (
				17604B6E1785CA59005CF054 /* Flux-Info.plist */,
				17604B6F1785CA59005CF054 /* InfoPlist.strings */,
				17604B721785CA59005CF054 /* main.m */,
				17604B741785CA59005CF054 /* Flux-Prefix.pch */,
				17604B781785CA59005CF054 /* Default.png */,
				17604B7A1785CA59005CF054 /* Default@2x.png */,
				17604B7C1785CA59005CF054 /* Default-568h@2x.png */,
			);
			name = "Supporting Files";
			sourceTree = "<group>";
		};
		2204371717B925380017EA93 /* Map Views */ = {
			isa = PBXGroup;
			children = (
				2204371817B925870017EA93 /* FluxMapViewController.h */,
				2204371917B925870017EA93 /* FluxMapViewController.m */,
			);
			name = "Map Views";
			sourceTree = "<group>";
		};
		220FE07017BEACAD00A7E379 /* Flux Tests */ = {
			isa = PBXGroup;
			children = (
				22D54EAD17BEC678005E817E /* Flux_MotionManagerSingleton.m */,
				22D54EAB17BEBBA1005E817E /* Flux_LocationServiceSingleton_Test.m */,
				220FE07117BEACAD00A7E379 /* Supporting Files */,
			);
			path = "Flux Tests";
			sourceTree = "<group>";
		};
		220FE07117BEACAD00A7E379 /* Supporting Files */ = {
			isa = PBXGroup;
			children = (
				220FE07217BEACAD00A7E379 /* Flux Tests-Info.plist */,
				220FE07317BEACAD00A7E379 /* InfoPlist.strings */,
				220FE07817BEACAD00A7E379 /* Flux Tests-Prefix.pch */,
			);
			name = "Supporting Files";
			sourceTree = "<group>";
		};
		AA134AF817AAB8C700725AB1 /* Drawers */ = {
			isa = PBXGroup;
			children = (
				AA134B0C17AAD17200725AB1 /* FluxLeftDrawerViewController.h */,
				AA134B0D17AAD17200725AB1 /* FluxLeftDrawerViewController.m */,
				AAB24E4817AAE21E00A9BE59 /* FluxRightDrawerViewController.h */,
				AAB24E4917AAE21E00A9BE59 /* FluxRightDrawerViewController.m */,
				AAB24E4B17AAE4BE00A9BE59 /* FluxDrawerSwitchTableViewCell.h */,
				AAB24E4C17AAE4BE00A9BE59 /* FluxDrawerSwitchTableViewCell.m */,
				AA70841217B2B93D005D4F9F /* FluxDrawerCheckboxFilterTableViewCell.h */,
				AA70841317B2B93D005D4F9F /* FluxDrawerCheckboxFilterTableViewCell.m */,
				AA70841817B2D9FF005D4F9F /* FluxFilterDrawerObject.h */,
				AA70841917B2D9FF005D4F9F /* FluxFilterDrawerObject.m */,
			);
			name = Drawers;
			sourceTree = "<group>";
		};
		AA134AF917AAD09500725AB1 /* MMDrawerController */ = {
			isa = PBXGroup;
			children = (
				AA134AFA17AAD09500725AB1 /* MMDrawerBarButtonItem.h */,
				AA134AFB17AAD09500725AB1 /* MMDrawerBarButtonItem.m */,
				AA134AFC17AAD09500725AB1 /* MMDrawerController.h */,
				AA134AFD17AAD09500725AB1 /* MMDrawerController.m */,
				AA134AFE17AAD09500725AB1 /* MMDrawerVisualState.h */,
				AA134AFF17AAD09500725AB1 /* MMDrawerVisualState.m */,
				AA134B0017AAD09500725AB1 /* UIViewController+MMDrawerController.h */,
				AA134B0117AAD09500725AB1 /* UIViewController+MMDrawerController.m */,
			);
			path = MMDrawerController;
			sourceTree = "<group>";
		};
		AA4CE0FD17B43559008D04BE /* Tools */ = {
			isa = PBXGroup;
			children = (
				AA4CE0FE17B43579008D04BE /* FluxLocationServicesSingleton.h */,
				AA4CE0FF17B43579008D04BE /* FluxLocationServicesSingleton.m */,
				AA4CE10117B52EDF008D04BE /* FluxMotionManagerSingleton.h */,
				AA4CE10217B52EDF008D04BE /* FluxMotionManagerSingleton.m */,
			);
			name = Tools;
			sourceTree = "<group>";
		};
		AA4CE15C17B58320008D04BE /* Network */ = {
			isa = PBXGroup;
			children = (
				AA4CE15D17B58433008D04BE /* FluxScanImageObject.h */,
				AA4CE15E17B58433008D04BE /* FluxScanImageObject.m */,
				AAD2DFF317BBFC8200D572A4 /* FluxUserObject.h */,
				AAD2DFF417BBFC8200D572A4 /* FluxUserObject.m */,
				AAD2DFEF17BBBD0500D572A4 /* FluxAPIInteraction.h */,
				AAD2DFF017BBBD0500D572A4 /* FluxAPIInteraction.m */,
				AAD2DFF617BD1F9A00D572A4 /* FluxMappingProvider.h */,
				AAD2DFF717BD1F9A00D572A4 /* FluxMappingProvider.m */,
			);
			name = Network;
			sourceTree = "<group>";
		};
		AA4CE16017B919E2008D04BE /* FPPopover */ = {
			isa = PBXGroup;
			children = (
				AA4CE16E17B925A2008D04BE /* ARCMacros.h */,
				AA4CE16117B919F1008D04BE /* FPPopoverController.h */,
				AA4CE16217B919F1008D04BE /* FPPopoverController.m */,
				AA4CE16317B919F1008D04BE /* FPPopoverView.h */,
				AA4CE16417B919F1008D04BE /* FPPopoverView.m */,
				AA4CE16517B919F1008D04BE /* FPTouchView.h */,
				AA4CE16617B919F1008D04BE /* FPTouchView.m */,
			);
			name = FPPopover;
			sourceTree = "<group>";
		};
		AA4CE16A17B921A3008D04BE /* TopView */ = {
			isa = PBXGroup;
			children = (
				AA4CE16B17B921E1008D04BE /* FluxAnnotationsTableViewController.h */,
				AA4CE16C17B921E1008D04BE /* FluxAnnotationsTableViewController.m */,
				AA4CE18017B9581E008D04BE /* FluxAnnotationTableViewCell.h */,
				AA4CE18117B9581E008D04BE /* FluxAnnotationTableViewCell.m */,
			);
			name = TopView;
			sourceTree = "<group>";
		};
		AA4CEF6C17A9586F00202A74 /* Custom UI Elements */ = {
			isa = PBXGroup;
			children = (
				AA7457B817BA78CF008988C1 /* FluxRotatingCompassButton.h */,
				AA7457B917BA78CF008988C1 /* FluxRotatingCompassButton.m */,
				AA4CEF6D17A958B000202A74 /* KTPlaceholderTextView.h */,
				AA4CEF6E17A958B000202A74 /* KTPlaceholderTextView.m */,
				AA70841517B2BE06005D4F9F /* KTCheckboxButton.h */,
				AA70841617B2BE06005D4F9F /* KTCheckboxButton.m */,
				AAED6C9617A2CD92004888FE /* PassthroughView.h */,
				AAED6C9717A2CD92004888FE /* PassthroughView.m */,
				AA85AD7017A995F7003EBC89 /* 3rd Party */,
			);
			name = "Custom UI Elements";
			sourceTree = "<group>";
		};
		AA85AD7017A995F7003EBC89 /* 3rd Party */ = {
			isa = PBXGroup;
			children = (
				AA4CE16017B919E2008D04BE /* FPPopover */,
				AA134AF917AAD09500725AB1 /* MMDrawerController */,
			);
			name = "3rd Party";
			sourceTree = "<group>";
		};
		AA85AD7117A999A9003EBC89 /* Scan View */ = {
			isa = PBXGroup;
			children = (
				17604B811785CA59005CF054 /* FluxScanViewController.h */,
				17604B821785CA59005CF054 /* FluxScanViewController.m */,
				AA4CE16A17B921A3008D04BE /* TopView */,
				AA134AF817AAB8C700725AB1 /* Drawers */,
			);
			name = "Scan View";
			sourceTree = "<group>";
		};
		AA85AD7217A999D4003EBC89 /* Camera Views */ = {
			isa = PBXGroup;
			children = (
				220FE04D17BE632300A7E379 /* FluxNatigationViewController.h */,
				220FE04E17BE632300A7E379 /* FluxNatigationViewController.m */,
				AA7FBD3C17A6DD7600410E6B /* FluxCameraViewController.h */,
				AA7FBD3D17A6DD7600410E6B /* FluxCameraViewController.m */,
				AA7FBCF517A6CB1700410E6B /* FluxImageAnnotationViewController.h */,
				AA7FBCF617A6CB1700410E6B /* FluxImageAnnotationViewController.m */,
			);
			name = "Camera Views";
			sourceTree = "<group>";
		};
/* End PBXGroup section */

/* Begin PBXNativeTarget section */
		17604B621785CA59005CF054 /* Flux */ = {
			isa = PBXNativeTarget;
			buildConfigurationList = 17604B861785CA59005CF054 /* Build configuration list for PBXNativeTarget "Flux" */;
			buildPhases = (
				4E86FD0E4ACB4B7BA6F744C8 /* Check Pods Manifest.lock */,
				17604B5F1785CA59005CF054 /* Sources */,
				17604B601785CA59005CF054 /* Frameworks */,
				17604B611785CA59005CF054 /* Resources */,
				60BE47FE412146DF8B284AB5 /* Copy Pods Resources */,
			);
			buildRules = (
			);
			dependencies = (
			);
			name = Flux;
			productName = SMLRcam;
			productReference = 17604B631785CA59005CF054 /* Flux.app */;
			productType = "com.apple.product-type.application";
		};
		220FE06A17BEACAD00A7E379 /* Flux Tests */ = {
			isa = PBXNativeTarget;
			buildConfigurationList = 220FE07D17BEACAD00A7E379 /* Build configuration list for PBXNativeTarget "Flux Tests" */;
			buildPhases = (
				220FE06717BEACAD00A7E379 /* Sources */,
				220FE06817BEACAD00A7E379 /* Frameworks */,
				220FE06917BEACAD00A7E379 /* Resources */,
			);
			buildRules = (
			);
			dependencies = (
				220FE07A17BEACAD00A7E379 /* PBXTargetDependency */,
			);
			name = "Flux Tests";
			productName = "Flux Tests";
			productReference = 220FE06B17BEACAD00A7E379 /* Flux Tests.octest */;
			productType = "com.apple.product-type.bundle";
		};
/* End PBXNativeTarget section */

/* Begin PBXProject section */
		17604B5B1785CA59005CF054 /* Project object */ = {
			isa = PBXProject;
			attributes = {
				CLASSPREFIX = Flux;
				LastUpgradeCheck = 0460;
				ORGANIZATIONNAME = Normative;
				TargetAttributes = {
					17604B621785CA59005CF054 = {
						DevelopmentTeam = 3R58XXN523;
					};
					220FE06A17BEACAD00A7E379 = {
						TestTargetID = 17604B621785CA59005CF054;
					};
				};
			};
			buildConfigurationList = 17604B5E1785CA59005CF054 /* Build configuration list for PBXProject "Flux" */;
			compatibilityVersion = "Xcode 3.2";
			developmentRegion = English;
			hasScannedForEncodings = 0;
			knownRegions = (
				en,
			);
			mainGroup = 17604B5A1785CA59005CF054;
			productRefGroup = 17604B641785CA59005CF054 /* Products */;
			projectDirPath = "";
			projectRoot = "";
			targets = (
				17604B621785CA59005CF054 /* Flux */,
				220FE06A17BEACAD00A7E379 /* Flux Tests */,
			);
		};
/* End PBXProject section */

/* Begin PBXResourcesBuildPhase section */
		17604B611785CA59005CF054 /* Resources */ = {
			isa = PBXResourcesBuildPhase;
			buildActionMask = 2147483647;
			files = (
				17604B711785CA59005CF054 /* InfoPlist.strings in Resources */,
				17604B791785CA59005CF054 /* Default.png in Resources */,
				17604B7B1785CA59005CF054 /* Default@2x.png in Resources */,
				17604B7D1785CA59005CF054 /* Default-568h@2x.png in Resources */,
				17604B801785CA59005CF054 /* MainStoryboard.storyboard in Resources */,
				AA08279E17A6AE030079672A /* Media.xcassets in Resources */,
			);
			runOnlyForDeploymentPostprocessing = 0;
		};
		220FE06917BEACAD00A7E379 /* Resources */ = {
			isa = PBXResourcesBuildPhase;
			buildActionMask = 2147483647;
			files = (
				220FE07517BEACAD00A7E379 /* InfoPlist.strings in Resources */,
			);
			runOnlyForDeploymentPostprocessing = 0;
		};
/* End PBXResourcesBuildPhase section */

/* Begin PBXShellScriptBuildPhase section */
		4E86FD0E4ACB4B7BA6F744C8 /* Check Pods Manifest.lock */ = {
			isa = PBXShellScriptBuildPhase;
			buildActionMask = 2147483647;
			files = (
			);
			inputPaths = (
			);
			name = "Check Pods Manifest.lock";
			outputPaths = (
			);
			runOnlyForDeploymentPostprocessing = 0;
			shellPath = /bin/sh;
			shellScript = "diff \"${PODS_ROOT}/../Podfile.lock\" \"${PODS_ROOT}/Manifest.lock\" > /dev/null\nif [[ $? != 0 ]] ; then\n    cat << EOM\nerror: The sandbox is not in sync with the Podfile.lock. Run 'pod install' or update your CocoaPods installation.\nEOM\n    exit 1\nfi\n";
			showEnvVarsInLog = 0;
		};
		60BE47FE412146DF8B284AB5 /* Copy Pods Resources */ = {
			isa = PBXShellScriptBuildPhase;
			buildActionMask = 2147483647;
			files = (
			);
			inputPaths = (
			);
			name = "Copy Pods Resources";
			outputPaths = (
			);
			runOnlyForDeploymentPostprocessing = 0;
			shellPath = /bin/sh;
			shellScript = "\"${SRCROOT}/Pods/Pods-resources.sh\"\n";
			showEnvVarsInLog = 0;
		};
/* End PBXShellScriptBuildPhase section */

/* Begin PBXSourcesBuildPhase section */
		17604B5F1785CA59005CF054 /* Sources */ = {
			isa = PBXSourcesBuildPhase;
			buildActionMask = 2147483647;
			files = (
				AA4CE16817B919F1008D04BE /* FPPopoverView.m in Sources */,
				220FE04F17BE632300A7E379 /* FluxNatigationViewController.m in Sources */,
				AA4CE10317B52EDF008D04BE /* FluxMotionManagerSingleton.m in Sources */,
				AA134B0517AAD09500725AB1 /* UIViewController+MMDrawerController.m in Sources */,
				2204371A17B925870017EA93 /* FluxMapViewController.m in Sources */,
				AA70841717B2BE06005D4F9F /* KTCheckboxButton.m in Sources */,
				AA70841A17B2D9FF005D4F9F /* FluxFilterDrawerObject.m in Sources */,
				AA134B0417AAD09500725AB1 /* MMDrawerVisualState.m in Sources */,
				17604B731785CA59005CF054 /* main.m in Sources */,
				AA7457BA17BA78CF008988C1 /* FluxRotatingCompassButton.m in Sources */,
				AA134B0217AAD09500725AB1 /* MMDrawerBarButtonItem.m in Sources */,
				AA7FBD3E17A6DD7600410E6B /* FluxCameraViewController.m in Sources */,
				AA4CE10017B43579008D04BE /* FluxLocationServicesSingleton.m in Sources */,
				AA4CE16917B919F1008D04BE /* FPTouchView.m in Sources */,
				AA4CE16717B919F1008D04BE /* FPPopoverController.m in Sources */,
				AAB24E4D17AAE4BE00A9BE59 /* FluxDrawerSwitchTableViewCell.m in Sources */,
				AA4CE15F17B58433008D04BE /* FluxScanImageObject.m in Sources */,
				17604B771785CA59005CF054 /* FluxAppDelegate.m in Sources */,
				AA4CEF6F17A958B000202A74 /* KTPlaceholderTextView.m in Sources */,
				AA4CE18217B9581E008D04BE /* FluxAnnotationTableViewCell.m in Sources */,
				AAD2DFF517BBFC8200D572A4 /* FluxUserObject.m in Sources */,
				17604B831785CA59005CF054 /* FluxScanViewController.m in Sources */,
				AAED6C9817A2CD92004888FE /* PassthroughView.m in Sources */,
				AA134B0317AAD09500725AB1 /* MMDrawerController.m in Sources */,
				AA4CE16D17B921E1008D04BE /* FluxAnnotationsTableViewController.m in Sources */,
				AA7FBCF717A6CB1700410E6B /* FluxImageAnnotationViewController.m in Sources */,
				AAD2DFF117BBBD0500D572A4 /* FluxAPIInteraction.m in Sources */,
				AA134B0E17AAD17200725AB1 /* FluxLeftDrawerViewController.m in Sources */,
				AA70841417B2B93D005D4F9F /* FluxDrawerCheckboxFilterTableViewCell.m in Sources */,
				AAD2DFF817BD1F9B00D572A4 /* FluxMappingProvider.m in Sources */,
				AAB24E4A17AAE21E00A9BE59 /* FluxRightDrawerViewController.m in Sources */,
			);
			runOnlyForDeploymentPostprocessing = 0;
		};
		220FE06717BEACAD00A7E379 /* Sources */ = {
			isa = PBXSourcesBuildPhase;
			buildActionMask = 2147483647;
			files = (
				22D54EAE17BEC678005E817E /* Flux_MotionManagerSingleton.m in Sources */,
				22D54EAC17BEBBA1005E817E /* Flux_LocationServiceSingleton_Test.m in Sources */,
			);
			runOnlyForDeploymentPostprocessing = 0;
		};
/* End PBXSourcesBuildPhase section */

/* Begin PBXTargetDependency section */
		220FE07A17BEACAD00A7E379 /* PBXTargetDependency */ = {
			isa = PBXTargetDependency;
			target = 17604B621785CA59005CF054 /* Flux */;
			targetProxy = 220FE07917BEACAD00A7E379 /* PBXContainerItemProxy */;
		};
/* End PBXTargetDependency section */

/* Begin PBXVariantGroup section */
		17604B6F1785CA59005CF054 /* InfoPlist.strings */ = {
			isa = PBXVariantGroup;
			children = (
				17604B701785CA59005CF054 /* en */,
			);
			name = InfoPlist.strings;
			sourceTree = "<group>";
		};
		17604B7E1785CA59005CF054 /* MainStoryboard.storyboard */ = {
			isa = PBXVariantGroup;
			children = (
				17604B7F1785CA59005CF054 /* en */,
			);
			name = MainStoryboard.storyboard;
			sourceTree = "<group>";
		};
		220FE07317BEACAD00A7E379 /* InfoPlist.strings */ = {
			isa = PBXVariantGroup;
			children = (
				220FE07417BEACAD00A7E379 /* en */,
			);
			name = InfoPlist.strings;
			sourceTree = "<group>";
		};
/* End PBXVariantGroup section */

/* Begin XCBuildConfiguration section */
		17604B841785CA59005CF054 /* Debug */ = {
			isa = XCBuildConfiguration;
			buildSettings = {
				ALWAYS_SEARCH_USER_PATHS = NO;
				CLANG_CXX_LANGUAGE_STANDARD = "gnu++0x";
				CLANG_CXX_LIBRARY = "libc++";
				CLANG_ENABLE_OBJC_ARC = YES;
				CLANG_WARN_CONSTANT_CONVERSION = YES;
				CLANG_WARN_EMPTY_BODY = YES;
				CLANG_WARN_ENUM_CONVERSION = YES;
				CLANG_WARN_INT_CONVERSION = YES;
				CLANG_WARN__DUPLICATE_METHOD_MATCH = YES;
				"CODE_SIGN_IDENTITY[sdk=iphoneos*]" = "iPhone Developer";
				COPY_PHASE_STRIP = NO;
				GCC_C_LANGUAGE_STANDARD = gnu99;
				GCC_DYNAMIC_NO_PIC = NO;
				GCC_OPTIMIZATION_LEVEL = 0;
				GCC_PREPROCESSOR_DEFINITIONS = (
					"DEBUG=1",
					"$(inherited)",
				);
				GCC_SYMBOLS_PRIVATE_EXTERN = NO;
				GCC_WARN_ABOUT_RETURN_TYPE = YES;
				GCC_WARN_UNINITIALIZED_AUTOS = YES;
				GCC_WARN_UNUSED_VARIABLE = YES;
				IPHONEOS_DEPLOYMENT_TARGET = 6.1;
				ONLY_ACTIVE_ARCH = YES;
				SDKROOT = iphoneos;
			};
			name = Debug;
		};
		17604B851785CA59005CF054 /* Release */ = {
			isa = XCBuildConfiguration;
			buildSettings = {
				ALWAYS_SEARCH_USER_PATHS = NO;
				CLANG_CXX_LANGUAGE_STANDARD = "gnu++0x";
				CLANG_CXX_LIBRARY = "libc++";
				CLANG_ENABLE_OBJC_ARC = YES;
				CLANG_WARN_CONSTANT_CONVERSION = YES;
				CLANG_WARN_EMPTY_BODY = YES;
				CLANG_WARN_ENUM_CONVERSION = YES;
				CLANG_WARN_INT_CONVERSION = YES;
				CLANG_WARN__DUPLICATE_METHOD_MATCH = YES;
				"CODE_SIGN_IDENTITY[sdk=iphoneos*]" = "iPhone Developer";
				COPY_PHASE_STRIP = YES;
				GCC_C_LANGUAGE_STANDARD = gnu99;
				GCC_WARN_ABOUT_RETURN_TYPE = YES;
				GCC_WARN_UNINITIALIZED_AUTOS = YES;
				GCC_WARN_UNUSED_VARIABLE = YES;
				IPHONEOS_DEPLOYMENT_TARGET = 6.1;
				OTHER_CFLAGS = "-DNS_BLOCK_ASSERTIONS=1";
				SDKROOT = iphoneos;
				VALIDATE_PRODUCT = YES;
			};
			name = Release;
		};
		17604B871785CA59005CF054 /* Debug */ = {
			isa = XCBuildConfiguration;
			baseConfigurationReference = CC546F3D9E1C463ABE3119A9 /* Pods.xcconfig */;
			buildSettings = {
				ASSETCATALOG_COMPILER_APPICON_NAME = AppIcon;
				ASSETCATALOG_COMPILER_LAUNCHIMAGE_NAME = LaunchImage;
				CODE_SIGN_IDENTITY = "iPhone Developer";
				"CODE_SIGN_IDENTITY[sdk=iphoneos*]" = "iPhone Developer";
				GCC_PRECOMPILE_PREFIX_HEADER = YES;
				GCC_PREFIX_HEADER = "SMLRcam/Flux-Prefix.pch";
				INFOPLIST_FILE = "SMLRcam/Flux-Info.plist";
				IPHONEOS_DEPLOYMENT_TARGET = 6.1;
				PRODUCT_NAME = Flux;
				PROVISIONING_PROFILE = "";
				TARGETED_DEVICE_FAMILY = 1;
				WRAPPER_EXTENSION = app;
			};
			name = Debug;
		};
		17604B881785CA59005CF054 /* Release */ = {
			isa = XCBuildConfiguration;
			baseConfigurationReference = CC546F3D9E1C463ABE3119A9 /* Pods.xcconfig */;
			buildSettings = {
				ASSETCATALOG_COMPILER_APPICON_NAME = AppIcon;
				ASSETCATALOG_COMPILER_LAUNCHIMAGE_NAME = LaunchImage;
				CODE_SIGN_IDENTITY = "iPhone Developer";
				"CODE_SIGN_IDENTITY[sdk=iphoneos*]" = "iPhone Developer";
				GCC_PRECOMPILE_PREFIX_HEADER = YES;
				GCC_PREFIX_HEADER = "SMLRcam/Flux-Prefix.pch";
				INFOPLIST_FILE = "SMLRcam/Flux-Info.plist";
				IPHONEOS_DEPLOYMENT_TARGET = 6.1;
				PRODUCT_NAME = Flux;
				PROVISIONING_PROFILE = "";
				TARGETED_DEVICE_FAMILY = 1;
				WRAPPER_EXTENSION = app;
			};
			name = Release;
		};
		220FE07B17BEACAD00A7E379 /* Debug */ = {
			isa = XCBuildConfiguration;
			buildSettings = {
				BUNDLE_LOADER = "$(BUILT_PRODUCTS_DIR)/Flux.app/Flux";
				CLANG_ENABLE_MODULES = YES;
				CLANG_WARN_BOOL_CONVERSION = YES;
				CLANG_WARN_DIRECT_OBJC_ISA_USAGE = YES_ERROR;
				CLANG_WARN_OBJC_ROOT_CLASS = YES_ERROR;
				FRAMEWORK_SEARCH_PATHS = (
					"$(SDKROOT)/Developer/Library/Frameworks",
					"$(inherited)",
					"$(DEVELOPER_FRAMEWORKS_DIR)",
				);
				GCC_PRECOMPILE_PREFIX_HEADER = YES;
				GCC_PREFIX_HEADER = "Flux Tests/Flux Tests-Prefix.pch";
				GCC_PREPROCESSOR_DEFINITIONS = (
					"DEBUG=1",
					"$(inherited)",
				);
				GCC_WARN_ABOUT_RETURN_TYPE = YES_ERROR;
				GCC_WARN_UNDECLARED_SELECTOR = YES;
				GCC_WARN_UNUSED_FUNCTION = YES;
				INFOPLIST_FILE = "Flux Tests/Flux Tests-Info.plist";
				IPHONEOS_DEPLOYMENT_TARGET = 7.0;
				PRODUCT_NAME = "$(TARGET_NAME)";
				TEST_HOST = "$(BUNDLE_LOADER)";
				WRAPPER_EXTENSION = octest;
			};
			name = Debug;
		};
		220FE07C17BEACAD00A7E379 /* Release */ = {
			isa = XCBuildConfiguration;
			buildSettings = {
				BUNDLE_LOADER = "$(BUILT_PRODUCTS_DIR)/Flux.app/Flux";
				CLANG_ENABLE_MODULES = YES;
				CLANG_WARN_BOOL_CONVERSION = YES;
				CLANG_WARN_DIRECT_OBJC_ISA_USAGE = YES_ERROR;
				CLANG_WARN_OBJC_ROOT_CLASS = YES_ERROR;
				ENABLE_NS_ASSERTIONS = NO;
				FRAMEWORK_SEARCH_PATHS = (
					"$(SDKROOT)/Developer/Library/Frameworks",
					"$(inherited)",
					"$(DEVELOPER_FRAMEWORKS_DIR)",
				);
				GCC_PRECOMPILE_PREFIX_HEADER = YES;
				GCC_PREFIX_HEADER = "Flux Tests/Flux Tests-Prefix.pch";
				GCC_WARN_ABOUT_RETURN_TYPE = YES_ERROR;
				GCC_WARN_UNDECLARED_SELECTOR = YES;
				GCC_WARN_UNUSED_FUNCTION = YES;
				INFOPLIST_FILE = "Flux Tests/Flux Tests-Info.plist";
				IPHONEOS_DEPLOYMENT_TARGET = 7.0;
				PRODUCT_NAME = "$(TARGET_NAME)";
				TEST_HOST = "$(BUNDLE_LOADER)";
				WRAPPER_EXTENSION = octest;
			};
			name = Release;
		};
/* End XCBuildConfiguration section */

/* Begin XCConfigurationList section */
		17604B5E1785CA59005CF054 /* Build configuration list for PBXProject "Flux" */ = {
			isa = XCConfigurationList;
			buildConfigurations = (
				17604B841785CA59005CF054 /* Debug */,
				17604B851785CA59005CF054 /* Release */,
			);
			defaultConfigurationIsVisible = 0;
			defaultConfigurationName = Release;
		};
		17604B861785CA59005CF054 /* Build configuration list for PBXNativeTarget "Flux" */ = {
			isa = XCConfigurationList;
			buildConfigurations = (
				17604B871785CA59005CF054 /* Debug */,
				17604B881785CA59005CF054 /* Release */,
			);
			defaultConfigurationIsVisible = 0;
			defaultConfigurationName = Release;
		};
		220FE07D17BEACAD00A7E379 /* Build configuration list for PBXNativeTarget "Flux Tests" */ = {
			isa = XCConfigurationList;
			buildConfigurations = (
				220FE07B17BEACAD00A7E379 /* Debug */,
				220FE07C17BEACAD00A7E379 /* Release */,
			);
			defaultConfigurationIsVisible = 0;
			defaultConfigurationName = Release;
		};
/* End XCConfigurationList section */
	};
	rootObject = 17604B5B1785CA59005CF054 /* Project object */;
}
