<?xml version="1.0" encoding="UTF-8"?>
<!DOCTYPE plist PUBLIC "-//Apple//DTD PLIST 1.0//EN" "http://www.apple.com/DTDs/PropertyList-1.0.dtd">
<plist version="1.0">
<dict>
	<key>archiveVersion</key>
	<string>1</string>
	<key>classes</key>
	<dict/>
	<key>objectVersion</key>
	<string>46</string>
	<key>objects</key>
	<dict>
		<key>17604B5A1785CA59005CF054</key>
		<dict>
			<key>children</key>
			<array>
				<string>17604B6C1785CA59005CF054</string>
				<string>17604B651785CA59005CF054</string>
				<string>17604B641785CA59005CF054</string>
				<string>CC546F3D9E1C463ABE3119A9</string>
			</array>
			<key>isa</key>
			<string>PBXGroup</string>
			<key>sourceTree</key>
			<string>&lt;group&gt;</string>
		</dict>
		<key>17604B5B1785CA59005CF054</key>
		<dict>
			<key>attributes</key>
			<dict>
				<key>CLASSPREFIX</key>
				<string>Flux</string>
				<key>LastUpgradeCheck</key>
				<string>0460</string>
				<key>ORGANIZATIONNAME</key>
				<string>Normative</string>
			</dict>
			<key>buildConfigurationList</key>
			<string>17604B5E1785CA59005CF054</string>
			<key>compatibilityVersion</key>
			<string>Xcode 3.2</string>
			<key>developmentRegion</key>
			<string>English</string>
			<key>hasScannedForEncodings</key>
			<string>0</string>
			<key>isa</key>
			<string>PBXProject</string>
			<key>knownRegions</key>
			<array>
				<string>en</string>
			</array>
			<key>mainGroup</key>
			<string>17604B5A1785CA59005CF054</string>
			<key>productRefGroup</key>
			<string>17604B641785CA59005CF054</string>
			<key>projectDirPath</key>
			<string></string>
			<key>projectReferences</key>
			<array/>
			<key>projectRoot</key>
			<string></string>
			<key>targets</key>
			<array>
				<string>17604B621785CA59005CF054</string>
			</array>
		</dict>
		<key>17604B5E1785CA59005CF054</key>
		<dict>
			<key>buildConfigurations</key>
			<array>
				<string>17604B841785CA59005CF054</string>
				<string>17604B851785CA59005CF054</string>
			</array>
			<key>defaultConfigurationIsVisible</key>
			<string>0</string>
			<key>defaultConfigurationName</key>
			<string>Release</string>
			<key>isa</key>
			<string>XCConfigurationList</string>
		</dict>
		<key>17604B5F1785CA59005CF054</key>
		<dict>
			<key>buildActionMask</key>
			<string>2147483647</string>
			<key>files</key>
			<array>
				<string>AA134B0517AAD09500725AB1</string>
				<string>AA134B0417AAD09500725AB1</string>
				<string>17604B731785CA59005CF054</string>
				<string>AA134B0217AAD09500725AB1</string>
				<string>AA7FBD3E17A6DD7600410E6B</string>
				<string>AAB24E4D17AAE4BE00A9BE59</string>
				<string>17604B771785CA59005CF054</string>
				<string>AA4CEF6F17A958B000202A74</string>
				<string>17604B831785CA59005CF054</string>
				<string>AAED6C9817A2CD92004888FE</string>
				<string>AA134B0317AAD09500725AB1</string>
				<string>AA7FBCF717A6CB1700410E6B</string>
				<string>AA134B0E17AAD17200725AB1</string>
				<string>AAB24E4A17AAE21E00A9BE59</string>
			</array>
			<key>isa</key>
			<string>PBXSourcesBuildPhase</string>
			<key>runOnlyForDeploymentPostprocessing</key>
			<string>0</string>
		</dict>
		<key>17604B601785CA59005CF054</key>
		<dict>
			<key>buildActionMask</key>
			<string>2147483647</string>
			<key>files</key>
			<array>
				<string>AA0BE05117A6B84800E41947</string>
				<string>17604B9F1785FF78005CF054</string>
				<string>17604B8A1785CAE1005CF054</string>
				<string>17604B8E1785CB02005CF054</string>
				<string>17604B8C1785CAE8005CF054</string>
				<string>17604B901785CB0C005CF054</string>
				<string>17604B9E1785F522005CF054</string>
				<string>17604B6B1785CA59005CF054</string>
				<string>17604B9C1785F4F0005CF054</string>
				<string>17604B921785CB27005CF054</string>
				<string>17604B941785CB35005CF054</string>
				<string>17604B991785F4CA005CF054</string>
				<string>17604B671785CA59005CF054</string>
				<string>17604B691785CA59005CF054</string>
				<string>91297719F33A48B0A0A59B35</string>
			</array>
			<key>isa</key>
			<string>PBXFrameworksBuildPhase</string>
			<key>runOnlyForDeploymentPostprocessing</key>
			<string>0</string>
		</dict>
		<key>17604B611785CA59005CF054</key>
		<dict>
			<key>buildActionMask</key>
			<string>2147483647</string>
			<key>files</key>
			<array>
				<string>17604B711785CA59005CF054</string>
				<string>17604B791785CA59005CF054</string>
				<string>17604B7B1785CA59005CF054</string>
				<string>17604B7D1785CA59005CF054</string>
				<string>17604B801785CA59005CF054</string>
				<string>AA08279E17A6AE030079672A</string>
			</array>
			<key>isa</key>
			<string>PBXResourcesBuildPhase</string>
			<key>runOnlyForDeploymentPostprocessing</key>
			<string>0</string>
		</dict>
		<key>17604B621785CA59005CF054</key>
		<dict>
			<key>buildConfigurationList</key>
			<string>17604B861785CA59005CF054</string>
			<key>buildPhases</key>
			<array>
				<string>4E86FD0E4ACB4B7BA6F744C8</string>
				<string>17604B5F1785CA59005CF054</string>
				<string>17604B601785CA59005CF054</string>
				<string>17604B611785CA59005CF054</string>
				<string>60BE47FE412146DF8B284AB5</string>
			</array>
			<key>buildRules</key>
			<array/>
			<key>dependencies</key>
			<array/>
			<key>isa</key>
			<string>PBXNativeTarget</string>
			<key>name</key>
			<string>Flux</string>
			<key>productName</key>
			<string>SMLRcam</string>
			<key>productReference</key>
			<string>17604B631785CA59005CF054</string>
			<key>productType</key>
			<string>com.apple.product-type.application</string>
		</dict>
		<key>17604B631785CA59005CF054</key>
		<dict>
			<key>explicitFileType</key>
			<string>wrapper.application</string>
			<key>includeInIndex</key>
			<string>0</string>
			<key>isa</key>
			<string>PBXFileReference</string>
			<key>path</key>
			<string>Flux.app</string>
			<key>sourceTree</key>
			<string>BUILT_PRODUCTS_DIR</string>
		</dict>
		<key>17604B641785CA59005CF054</key>
		<dict>
			<key>children</key>
			<array>
				<string>17604B631785CA59005CF054</string>
			</array>
			<key>isa</key>
			<string>PBXGroup</string>
			<key>name</key>
			<string>Products</string>
			<key>sourceTree</key>
			<string>&lt;group&gt;</string>
		</dict>
		<key>17604B651785CA59005CF054</key>
		<dict>
			<key>children</key>
			<array>
				<string>AA0BE05017A6B84800E41947</string>
				<string>17604B9D1785F522005CF054</string>
				<string>17604B9A1785F4DA005CF054</string>
				<string>17604B981785F4CA005CF054</string>
				<string>17604B961785F4B5005CF054</string>
				<string>17604B931785CB35005CF054</string>
				<string>17604B911785CB27005CF054</string>
				<string>17604B8F1785CB0C005CF054</string>
				<string>17604B8D1785CB02005CF054</string>
				<string>17604B8B1785CAE8005CF054</string>
				<string>17604B891785CAE1005CF054</string>
				<string>17604B661785CA59005CF054</string>
				<string>17604B681785CA59005CF054</string>
				<string>17604B6A1785CA59005CF054</string>
				<string>DCDC5AB9480146C1BC963853</string>
			</array>
			<key>isa</key>
			<string>PBXGroup</string>
			<key>name</key>
			<string>Frameworks</string>
			<key>sourceTree</key>
			<string>&lt;group&gt;</string>
		</dict>
		<key>17604B661785CA59005CF054</key>
		<dict>
			<key>isa</key>
			<string>PBXFileReference</string>
			<key>lastKnownFileType</key>
			<string>wrapper.framework</string>
			<key>name</key>
			<string>UIKit.framework</string>
			<key>path</key>
			<string>System/Library/Frameworks/UIKit.framework</string>
			<key>sourceTree</key>
			<string>SDKROOT</string>
		</dict>
		<key>17604B671785CA59005CF054</key>
		<dict>
			<key>fileRef</key>
			<string>17604B661785CA59005CF054</string>
			<key>isa</key>
			<string>PBXBuildFile</string>
		</dict>
		<key>17604B681785CA59005CF054</key>
		<dict>
			<key>isa</key>
			<string>PBXFileReference</string>
			<key>lastKnownFileType</key>
			<string>wrapper.framework</string>
			<key>name</key>
			<string>Foundation.framework</string>
			<key>path</key>
			<string>System/Library/Frameworks/Foundation.framework</string>
			<key>sourceTree</key>
			<string>SDKROOT</string>
		</dict>
		<key>17604B691785CA59005CF054</key>
		<dict>
			<key>fileRef</key>
			<string>17604B681785CA59005CF054</string>
			<key>isa</key>
			<string>PBXBuildFile</string>
		</dict>
		<key>17604B6A1785CA59005CF054</key>
		<dict>
			<key>isa</key>
			<string>PBXFileReference</string>
			<key>lastKnownFileType</key>
			<string>wrapper.framework</string>
			<key>name</key>
			<string>CoreGraphics.framework</string>
			<key>path</key>
			<string>System/Library/Frameworks/CoreGraphics.framework</string>
			<key>sourceTree</key>
			<string>SDKROOT</string>
		</dict>
		<key>17604B6B1785CA59005CF054</key>
		<dict>
			<key>fileRef</key>
			<string>17604B6A1785CA59005CF054</string>
			<key>isa</key>
			<string>PBXBuildFile</string>
		</dict>
		<key>17604B6C1785CA59005CF054</key>
		<dict>
			<key>children</key>
			<array>
				<string>17604B751785CA59005CF054</string>
				<string>17604B761785CA59005CF054</string>
				<string>17604B7E1785CA59005CF054</string>
				<string>AA85AD7117A999A9003EBC89</string>
				<string>AA08279D17A6ADD00079672A</string>
				<string>17604B6D1785CA59005CF054</string>
				<string>AA85AD7217A999D4003EBC89</string>
				<string>AA4CEF6C17A9586F00202A74</string>
			</array>
			<key>isa</key>
			<string>PBXGroup</string>
			<key>name</key>
			<string>Flux</string>
			<key>path</key>
			<string>SMLRcam</string>
			<key>sourceTree</key>
			<string>&lt;group&gt;</string>
		</dict>
		<key>17604B6D1785CA59005CF054</key>
		<dict>
			<key>children</key>
			<array>
				<string>17604B6E1785CA59005CF054</string>
				<string>17604B6F1785CA59005CF054</string>
				<string>17604B721785CA59005CF054</string>
				<string>17604B741785CA59005CF054</string>
				<string>17604B781785CA59005CF054</string>
				<string>17604B7A1785CA59005CF054</string>
				<string>17604B7C1785CA59005CF054</string>
			</array>
			<key>isa</key>
			<string>PBXGroup</string>
			<key>name</key>
			<string>Supporting Files</string>
			<key>sourceTree</key>
			<string>&lt;group&gt;</string>
		</dict>
		<key>17604B6E1785CA59005CF054</key>
		<dict>
			<key>isa</key>
			<string>PBXFileReference</string>
			<key>lastKnownFileType</key>
			<string>text.plist.xml</string>
			<key>path</key>
			<string>Flux-Info.plist</string>
			<key>sourceTree</key>
			<string>&lt;group&gt;</string>
		</dict>
		<key>17604B6F1785CA59005CF054</key>
		<dict>
			<key>children</key>
			<array>
				<string>17604B701785CA59005CF054</string>
			</array>
			<key>isa</key>
			<string>PBXVariantGroup</string>
			<key>name</key>
			<string>InfoPlist.strings</string>
			<key>sourceTree</key>
			<string>&lt;group&gt;</string>
		</dict>
		<key>17604B701785CA59005CF054</key>
		<dict>
			<key>isa</key>
			<string>PBXFileReference</string>
			<key>lastKnownFileType</key>
			<string>text.plist.strings</string>
			<key>name</key>
			<string>en</string>
			<key>path</key>
			<string>en.lproj/InfoPlist.strings</string>
			<key>sourceTree</key>
			<string>&lt;group&gt;</string>
		</dict>
		<key>17604B711785CA59005CF054</key>
		<dict>
			<key>fileRef</key>
			<string>17604B6F1785CA59005CF054</string>
			<key>isa</key>
			<string>PBXBuildFile</string>
		</dict>
		<key>17604B721785CA59005CF054</key>
		<dict>
			<key>isa</key>
			<string>PBXFileReference</string>
			<key>lastKnownFileType</key>
			<string>sourcecode.c.objc</string>
			<key>path</key>
			<string>main.m</string>
			<key>sourceTree</key>
			<string>&lt;group&gt;</string>
		</dict>
		<key>17604B731785CA59005CF054</key>
		<dict>
			<key>fileRef</key>
			<string>17604B721785CA59005CF054</string>
			<key>isa</key>
			<string>PBXBuildFile</string>
		</dict>
		<key>17604B741785CA59005CF054</key>
		<dict>
			<key>isa</key>
			<string>PBXFileReference</string>
			<key>lastKnownFileType</key>
			<string>sourcecode.c.h</string>
			<key>path</key>
			<string>Flux-Prefix.pch</string>
			<key>sourceTree</key>
			<string>&lt;group&gt;</string>
		</dict>
		<key>17604B751785CA59005CF054</key>
		<dict>
			<key>isa</key>
			<string>PBXFileReference</string>
			<key>lastKnownFileType</key>
			<string>sourcecode.c.h</string>
			<key>path</key>
			<string>FluxAppDelegate.h</string>
			<key>sourceTree</key>
			<string>&lt;group&gt;</string>
		</dict>
		<key>17604B761785CA59005CF054</key>
		<dict>
			<key>isa</key>
			<string>PBXFileReference</string>
			<key>lastKnownFileType</key>
			<string>sourcecode.c.objc</string>
			<key>path</key>
			<string>FluxAppDelegate.m</string>
			<key>sourceTree</key>
			<string>&lt;group&gt;</string>
		</dict>
		<key>17604B771785CA59005CF054</key>
		<dict>
			<key>fileRef</key>
			<string>17604B761785CA59005CF054</string>
			<key>isa</key>
			<string>PBXBuildFile</string>
		</dict>
		<key>17604B781785CA59005CF054</key>
		<dict>
			<key>isa</key>
			<string>PBXFileReference</string>
			<key>lastKnownFileType</key>
			<string>image.png</string>
			<key>path</key>
			<string>Default.png</string>
			<key>sourceTree</key>
			<string>&lt;group&gt;</string>
		</dict>
		<key>17604B791785CA59005CF054</key>
		<dict>
			<key>fileRef</key>
			<string>17604B781785CA59005CF054</string>
			<key>isa</key>
			<string>PBXBuildFile</string>
		</dict>
		<key>17604B7A1785CA59005CF054</key>
		<dict>
			<key>isa</key>
			<string>PBXFileReference</string>
			<key>lastKnownFileType</key>
			<string>image.png</string>
			<key>path</key>
			<string>Default@2x.png</string>
			<key>sourceTree</key>
			<string>&lt;group&gt;</string>
		</dict>
		<key>17604B7B1785CA59005CF054</key>
		<dict>
			<key>fileRef</key>
			<string>17604B7A1785CA59005CF054</string>
			<key>isa</key>
			<string>PBXBuildFile</string>
		</dict>
		<key>17604B7C1785CA59005CF054</key>
		<dict>
			<key>isa</key>
			<string>PBXFileReference</string>
			<key>lastKnownFileType</key>
			<string>image.png</string>
			<key>path</key>
			<string>Default-568h@2x.png</string>
			<key>sourceTree</key>
			<string>&lt;group&gt;</string>
		</dict>
		<key>17604B7D1785CA59005CF054</key>
		<dict>
			<key>fileRef</key>
			<string>17604B7C1785CA59005CF054</string>
			<key>isa</key>
			<string>PBXBuildFile</string>
		</dict>
		<key>17604B7E1785CA59005CF054</key>
		<dict>
			<key>children</key>
			<array>
				<string>17604B7F1785CA59005CF054</string>
			</array>
			<key>isa</key>
			<string>PBXVariantGroup</string>
			<key>name</key>
			<string>MainStoryboard.storyboard</string>
			<key>sourceTree</key>
			<string>&lt;group&gt;</string>
		</dict>
		<key>17604B7F1785CA59005CF054</key>
		<dict>
			<key>isa</key>
			<string>PBXFileReference</string>
			<key>lastKnownFileType</key>
			<string>file.storyboard</string>
			<key>name</key>
			<string>en</string>
			<key>path</key>
			<string>en.lproj/MainStoryboard.storyboard</string>
			<key>sourceTree</key>
			<string>&lt;group&gt;</string>
		</dict>
		<key>17604B801785CA59005CF054</key>
		<dict>
			<key>fileRef</key>
			<string>17604B7E1785CA59005CF054</string>
			<key>isa</key>
			<string>PBXBuildFile</string>
		</dict>
		<key>17604B811785CA59005CF054</key>
		<dict>
			<key>isa</key>
			<string>PBXFileReference</string>
			<key>lastKnownFileType</key>
			<string>sourcecode.c.h</string>
			<key>path</key>
			<string>FluxScanViewController.h</string>
			<key>sourceTree</key>
			<string>&lt;group&gt;</string>
		</dict>
		<key>17604B821785CA59005CF054</key>
		<dict>
			<key>isa</key>
			<string>PBXFileReference</string>
			<key>lastKnownFileType</key>
			<string>sourcecode.c.objc</string>
			<key>path</key>
			<string>FluxScanViewController.m</string>
			<key>sourceTree</key>
			<string>&lt;group&gt;</string>
		</dict>
		<key>17604B831785CA59005CF054</key>
		<dict>
			<key>fileRef</key>
			<string>17604B821785CA59005CF054</string>
			<key>isa</key>
			<string>PBXBuildFile</string>
		</dict>
		<key>17604B841785CA59005CF054</key>
		<dict>
			<key>buildSettings</key>
			<dict>
				<key>ALWAYS_SEARCH_USER_PATHS</key>
				<string>NO</string>
				<key>CLANG_CXX_LANGUAGE_STANDARD</key>
				<string>gnu++0x</string>
				<key>CLANG_CXX_LIBRARY</key>
				<string>libc++</string>
				<key>CLANG_ENABLE_OBJC_ARC</key>
				<string>YES</string>
				<key>CLANG_WARN_CONSTANT_CONVERSION</key>
				<string>YES</string>
				<key>CLANG_WARN_EMPTY_BODY</key>
				<string>YES</string>
				<key>CLANG_WARN_ENUM_CONVERSION</key>
				<string>YES</string>
				<key>CLANG_WARN_INT_CONVERSION</key>
				<string>YES</string>
				<key>CLANG_WARN__DUPLICATE_METHOD_MATCH</key>
				<string>YES</string>
				<key>CODE_SIGN_IDENTITY[sdk=iphoneos*]</key>
				<string>iPhone Developer</string>
				<key>COPY_PHASE_STRIP</key>
				<string>NO</string>
				<key>GCC_C_LANGUAGE_STANDARD</key>
				<string>gnu99</string>
				<key>GCC_DYNAMIC_NO_PIC</key>
				<string>NO</string>
				<key>GCC_OPTIMIZATION_LEVEL</key>
				<string>0</string>
				<key>GCC_PREPROCESSOR_DEFINITIONS</key>
				<array>
					<string>DEBUG=1</string>
					<string>$(inherited)</string>
				</array>
				<key>GCC_SYMBOLS_PRIVATE_EXTERN</key>
				<string>NO</string>
				<key>GCC_WARN_ABOUT_RETURN_TYPE</key>
				<string>YES</string>
				<key>GCC_WARN_UNINITIALIZED_AUTOS</key>
				<string>YES</string>
				<key>GCC_WARN_UNUSED_VARIABLE</key>
				<string>YES</string>
				<key>IPHONEOS_DEPLOYMENT_TARGET</key>
				<string>6.1</string>
				<key>ONLY_ACTIVE_ARCH</key>
				<string>YES</string>
				<key>SDKROOT</key>
				<string>iphoneos</string>
			</dict>
			<key>isa</key>
			<string>XCBuildConfiguration</string>
			<key>name</key>
			<string>Debug</string>
		</dict>
		<key>17604B851785CA59005CF054</key>
		<dict>
			<key>buildSettings</key>
			<dict>
				<key>ALWAYS_SEARCH_USER_PATHS</key>
				<string>NO</string>
				<key>CLANG_CXX_LANGUAGE_STANDARD</key>
				<string>gnu++0x</string>
				<key>CLANG_CXX_LIBRARY</key>
				<string>libc++</string>
				<key>CLANG_ENABLE_OBJC_ARC</key>
				<string>YES</string>
				<key>CLANG_WARN_CONSTANT_CONVERSION</key>
				<string>YES</string>
				<key>CLANG_WARN_EMPTY_BODY</key>
				<string>YES</string>
				<key>CLANG_WARN_ENUM_CONVERSION</key>
				<string>YES</string>
				<key>CLANG_WARN_INT_CONVERSION</key>
				<string>YES</string>
				<key>CLANG_WARN__DUPLICATE_METHOD_MATCH</key>
				<string>YES</string>
				<key>CODE_SIGN_IDENTITY[sdk=iphoneos*]</key>
				<string>iPhone Developer</string>
				<key>COPY_PHASE_STRIP</key>
				<string>YES</string>
				<key>GCC_C_LANGUAGE_STANDARD</key>
				<string>gnu99</string>
				<key>GCC_WARN_ABOUT_RETURN_TYPE</key>
				<string>YES</string>
				<key>GCC_WARN_UNINITIALIZED_AUTOS</key>
				<string>YES</string>
				<key>GCC_WARN_UNUSED_VARIABLE</key>
				<string>YES</string>
				<key>IPHONEOS_DEPLOYMENT_TARGET</key>
				<string>6.1</string>
				<key>OTHER_CFLAGS</key>
				<string>-DNS_BLOCK_ASSERTIONS=1</string>
				<key>SDKROOT</key>
				<string>iphoneos</string>
				<key>VALIDATE_PRODUCT</key>
				<string>YES</string>
			</dict>
			<key>isa</key>
			<string>XCBuildConfiguration</string>
			<key>name</key>
			<string>Release</string>
		</dict>
		<key>17604B861785CA59005CF054</key>
		<dict>
			<key>buildConfigurations</key>
			<array>
				<string>17604B871785CA59005CF054</string>
				<string>17604B881785CA59005CF054</string>
			</array>
			<key>defaultConfigurationIsVisible</key>
			<string>0</string>
			<key>defaultConfigurationName</key>
			<string>Release</string>
			<key>isa</key>
			<string>XCConfigurationList</string>
		</dict>
		<key>17604B871785CA59005CF054</key>
		<dict>
			<key>baseConfigurationReference</key>
			<string>CC546F3D9E1C463ABE3119A9</string>
			<key>buildSettings</key>
			<dict>
				<key>ASSETCATALOG_COMPILER_APPICON_NAME</key>
				<string>AppIcon</string>
				<key>ASSETCATALOG_COMPILER_LAUNCHIMAGE_NAME</key>
				<string>LaunchImage</string>
				<key>CODE_SIGN_IDENTITY</key>
				<string>iPhone Developer: Jon Tirmandi (BE55Y3YRR9)</string>
				<key>GCC_PRECOMPILE_PREFIX_HEADER</key>
				<string>YES</string>
				<key>GCC_PREFIX_HEADER</key>
				<string>SMLRcam/Flux-Prefix.pch</string>
				<key>INFOPLIST_FILE</key>
				<string>SMLRcam/Flux-Info.plist</string>
				<key>IPHONEOS_DEPLOYMENT_TARGET</key>
				<string>6.1</string>
				<key>PRODUCT_NAME</key>
				<string>Flux</string>
				<key>TARGETED_DEVICE_FAMILY</key>
				<string>1</string>
				<key>WRAPPER_EXTENSION</key>
				<string>app</string>
			</dict>
			<key>isa</key>
			<string>XCBuildConfiguration</string>
			<key>name</key>
			<string>Debug</string>
		</dict>
		<key>17604B881785CA59005CF054</key>
		<dict>
			<key>baseConfigurationReference</key>
			<string>CC546F3D9E1C463ABE3119A9</string>
			<key>buildSettings</key>
			<dict>
				<key>ASSETCATALOG_COMPILER_APPICON_NAME</key>
				<string>AppIcon</string>
				<key>ASSETCATALOG_COMPILER_LAUNCHIMAGE_NAME</key>
				<string>LaunchImage</string>
				<key>CODE_SIGN_IDENTITY</key>
				<string>iPhone Distribution: Normative Labs (3R58XXN523)</string>
				<key>GCC_PRECOMPILE_PREFIX_HEADER</key>
				<string>YES</string>
				<key>GCC_PREFIX_HEADER</key>
				<string>SMLRcam/Flux-Prefix.pch</string>
				<key>INFOPLIST_FILE</key>
				<string>SMLRcam/Flux-Info.plist</string>
				<key>IPHONEOS_DEPLOYMENT_TARGET</key>
				<string>6.1</string>
				<key>PRODUCT_NAME</key>
				<string>Flux</string>
				<key>TARGETED_DEVICE_FAMILY</key>
				<string>1</string>
				<key>WRAPPER_EXTENSION</key>
				<string>app</string>
			</dict>
			<key>isa</key>
			<string>XCBuildConfiguration</string>
			<key>name</key>
			<string>Release</string>
		</dict>
		<key>17604B891785CAE1005CF054</key>
		<dict>
			<key>isa</key>
			<string>PBXFileReference</string>
			<key>lastKnownFileType</key>
			<string>wrapper.framework</string>
			<key>name</key>
			<string>CoreLocation.framework</string>
			<key>path</key>
			<string>System/Library/Frameworks/CoreLocation.framework</string>
			<key>sourceTree</key>
			<string>SDKROOT</string>
		</dict>
		<key>17604B8A1785CAE1005CF054</key>
		<dict>
			<key>fileRef</key>
			<string>17604B891785CAE1005CF054</string>
			<key>isa</key>
			<string>PBXBuildFile</string>
		</dict>
		<key>17604B8B1785CAE8005CF054</key>
		<dict>
			<key>isa</key>
			<string>PBXFileReference</string>
			<key>lastKnownFileType</key>
			<string>wrapper.framework</string>
			<key>name</key>
			<string>CoreMotion.framework</string>
			<key>path</key>
			<string>System/Library/Frameworks/CoreMotion.framework</string>
			<key>sourceTree</key>
			<string>SDKROOT</string>
		</dict>
		<key>17604B8C1785CAE8005CF054</key>
		<dict>
			<key>fileRef</key>
			<string>17604B8B1785CAE8005CF054</string>
			<key>isa</key>
			<string>PBXBuildFile</string>
		</dict>
		<key>17604B8D1785CB02005CF054</key>
		<dict>
			<key>isa</key>
			<string>PBXFileReference</string>
			<key>lastKnownFileType</key>
			<string>wrapper.framework</string>
			<key>name</key>
			<string>GLKit.framework</string>
			<key>path</key>
			<string>System/Library/Frameworks/GLKit.framework</string>
			<key>sourceTree</key>
			<string>SDKROOT</string>
		</dict>
		<key>17604B8E1785CB02005CF054</key>
		<dict>
			<key>fileRef</key>
			<string>17604B8D1785CB02005CF054</string>
			<key>isa</key>
			<string>PBXBuildFile</string>
		</dict>
		<key>17604B8F1785CB0C005CF054</key>
		<dict>
			<key>isa</key>
			<string>PBXFileReference</string>
			<key>lastKnownFileType</key>
			<string>wrapper.framework</string>
			<key>name</key>
			<string>ImageIO.framework</string>
			<key>path</key>
			<string>System/Library/Frameworks/ImageIO.framework</string>
			<key>sourceTree</key>
			<string>SDKROOT</string>
		</dict>
		<key>17604B901785CB0C005CF054</key>
		<dict>
			<key>fileRef</key>
			<string>17604B8F1785CB0C005CF054</string>
			<key>isa</key>
			<string>PBXBuildFile</string>
		</dict>
		<key>17604B911785CB27005CF054</key>
		<dict>
			<key>isa</key>
			<string>PBXFileReference</string>
			<key>lastKnownFileType</key>
			<string>wrapper.framework</string>
			<key>name</key>
			<string>CoreImage.framework</string>
			<key>path</key>
			<string>System/Library/Frameworks/CoreImage.framework</string>
			<key>sourceTree</key>
			<string>SDKROOT</string>
		</dict>
		<key>17604B921785CB27005CF054</key>
		<dict>
			<key>fileRef</key>
			<string>17604B911785CB27005CF054</string>
			<key>isa</key>
			<string>PBXBuildFile</string>
		</dict>
		<key>17604B931785CB35005CF054</key>
		<dict>
			<key>isa</key>
			<string>PBXFileReference</string>
			<key>lastKnownFileType</key>
			<string>wrapper.framework</string>
			<key>name</key>
			<string>AVFoundation.framework</string>
			<key>path</key>
			<string>System/Library/Frameworks/AVFoundation.framework</string>
			<key>sourceTree</key>
			<string>SDKROOT</string>
		</dict>
		<key>17604B941785CB35005CF054</key>
		<dict>
			<key>fileRef</key>
			<string>17604B931785CB35005CF054</string>
			<key>isa</key>
			<string>PBXBuildFile</string>
		</dict>
		<key>17604B961785F4B5005CF054</key>
		<dict>
			<key>isa</key>
			<string>PBXFileReference</string>
			<key>lastKnownFileType</key>
			<string>wrapper.framework</string>
			<key>name</key>
			<string>AssetsLibrary.framework</string>
			<key>path</key>
			<string>System/Library/Frameworks/AssetsLibrary.framework</string>
			<key>sourceTree</key>
			<string>SDKROOT</string>
		</dict>
		<key>17604B981785F4CA005CF054</key>
		<dict>
			<key>isa</key>
			<string>PBXFileReference</string>
			<key>lastKnownFileType</key>
			<string>wrapper.framework</string>
			<key>name</key>
			<string>CoreVideo.framework</string>
			<key>path</key>
			<string>System/Library/Frameworks/CoreVideo.framework</string>
			<key>sourceTree</key>
			<string>SDKROOT</string>
		</dict>
		<key>17604B991785F4CA005CF054</key>
		<dict>
			<key>fileRef</key>
			<string>17604B981785F4CA005CF054</string>
			<key>isa</key>
			<string>PBXBuildFile</string>
		</dict>
		<key>17604B9A1785F4DA005CF054</key>
		<dict>
			<key>isa</key>
			<string>PBXFileReference</string>
			<key>lastKnownFileType</key>
			<string>wrapper.framework</string>
			<key>name</key>
			<string>QuartzCore.framework</string>
			<key>path</key>
			<string>System/Library/Frameworks/QuartzCore.framework</string>
			<key>sourceTree</key>
			<string>SDKROOT</string>
		</dict>
		<key>17604B9C1785F4F0005CF054</key>
		<dict>
			<key>fileRef</key>
			<string>17604B961785F4B5005CF054</string>
			<key>isa</key>
			<string>PBXBuildFile</string>
		</dict>
		<key>17604B9D1785F522005CF054</key>
		<dict>
			<key>isa</key>
			<string>PBXFileReference</string>
			<key>lastKnownFileType</key>
			<string>wrapper.framework</string>
			<key>name</key>
			<string>CoreMedia.framework</string>
			<key>path</key>
			<string>System/Library/Frameworks/CoreMedia.framework</string>
			<key>sourceTree</key>
			<string>SDKROOT</string>
		</dict>
		<key>17604B9E1785F522005CF054</key>
		<dict>
			<key>fileRef</key>
			<string>17604B9D1785F522005CF054</string>
			<key>isa</key>
			<string>PBXBuildFile</string>
		</dict>
		<key>17604B9F1785FF78005CF054</key>
		<dict>
			<key>fileRef</key>
			<string>17604B9A1785F4DA005CF054</string>
			<key>isa</key>
			<string>PBXBuildFile</string>
		</dict>
		<key>4E86FD0E4ACB4B7BA6F744C8</key>
		<dict>
			<key>buildActionMask</key>
			<string>2147483647</string>
			<key>files</key>
			<array/>
			<key>inputPaths</key>
			<array/>
			<key>isa</key>
			<string>PBXShellScriptBuildPhase</string>
			<key>name</key>
			<string>Check Pods Manifest.lock</string>
			<key>outputPaths</key>
			<array/>
			<key>runOnlyForDeploymentPostprocessing</key>
			<string>0</string>
			<key>shellPath</key>
			<string>/bin/sh</string>
			<key>shellScript</key>
			<string>diff "${PODS_ROOT}/../Podfile.lock" "${PODS_ROOT}/Manifest.lock" &gt; /dev/null
if [[ $? != 0 ]] ; then
    cat &lt;&lt; EOM
error: The sandbox is not in sync with the Podfile.lock. Run 'pod install' or update your CocoaPods installation.
EOM
    exit 1
fi
</string>
			<key>showEnvVarsInLog</key>
			<string>0</string>
		</dict>
		<key>60BE47FE412146DF8B284AB5</key>
		<dict>
			<key>buildActionMask</key>
			<string>2147483647</string>
			<key>files</key>
			<array/>
			<key>inputPaths</key>
			<array/>
			<key>isa</key>
			<string>PBXShellScriptBuildPhase</string>
			<key>name</key>
			<string>Copy Pods Resources</string>
			<key>outputPaths</key>
			<array/>
			<key>runOnlyForDeploymentPostprocessing</key>
			<string>0</string>
			<key>shellPath</key>
			<string>/bin/sh</string>
			<key>shellScript</key>
			<string>"${SRCROOT}/Pods/Pods-resources.sh"
</string>
			<key>showEnvVarsInLog</key>
			<string>0</string>
		</dict>
		<key>91297719F33A48B0A0A59B35</key>
		<dict>
			<key>fileRef</key>
			<string>DCDC5AB9480146C1BC963853</string>
			<key>isa</key>
			<string>PBXBuildFile</string>
		</dict>
		<key>AA08279D17A6ADD00079672A</key>
		<dict>
			<key>isa</key>
			<string>PBXFileReference</string>
			<key>lastKnownFileType</key>
			<string>folder.assetcatalog</string>
			<key>path</key>
			<string>Media.xcassets</string>
			<key>sourceTree</key>
			<string>&lt;group&gt;</string>
		</dict>
		<key>AA08279E17A6AE030079672A</key>
		<dict>
			<key>fileRef</key>
			<string>AA08279D17A6ADD00079672A</string>
			<key>isa</key>
			<string>PBXBuildFile</string>
		</dict>
		<key>AA0BE05017A6B84800E41947</key>
		<dict>
			<key>isa</key>
			<string>PBXFileReference</string>
			<key>lastKnownFileType</key>
			<string>wrapper.framework</string>
			<key>name</key>
			<string>OpenGLES.framework</string>
			<key>path</key>
			<string>System/Library/Frameworks/OpenGLES.framework</string>
			<key>sourceTree</key>
			<string>SDKROOT</string>
		</dict>
		<key>AA0BE05117A6B84800E41947</key>
		<dict>
			<key>fileRef</key>
			<string>AA0BE05017A6B84800E41947</string>
			<key>isa</key>
			<string>PBXBuildFile</string>
		</dict>
		<key>AA134AF817AAB8C700725AB1</key>
		<dict>
			<key>children</key>
			<array>
				<string>AA134B0C17AAD17200725AB1</string>
				<string>AA134B0D17AAD17200725AB1</string>
				<string>AAB24E4817AAE21E00A9BE59</string>
				<string>AAB24E4917AAE21E00A9BE59</string>
				<string>AAB24E4B17AAE4BE00A9BE59</string>
				<string>AAB24E4C17AAE4BE00A9BE59</string>
			</array>
			<key>isa</key>
			<string>PBXGroup</string>
			<key>name</key>
			<string>Drawers</string>
			<key>sourceTree</key>
			<string>&lt;group&gt;</string>
		</dict>
		<key>AA134AF917AAD09500725AB1</key>
		<dict>
			<key>children</key>
			<array>
				<string>AA134AFA17AAD09500725AB1</string>
				<string>AA134AFB17AAD09500725AB1</string>
				<string>AA134AFC17AAD09500725AB1</string>
				<string>AA134AFD17AAD09500725AB1</string>
				<string>AA134AFE17AAD09500725AB1</string>
				<string>AA134AFF17AAD09500725AB1</string>
				<string>AA134B0017AAD09500725AB1</string>
				<string>AA134B0117AAD09500725AB1</string>
			</array>
			<key>isa</key>
			<string>PBXGroup</string>
			<key>path</key>
			<string>MMDrawerController</string>
			<key>sourceTree</key>
			<string>&lt;group&gt;</string>
		</dict>
		<key>AA134AFA17AAD09500725AB1</key>
		<dict>
			<key>fileEncoding</key>
			<string>4</string>
			<key>isa</key>
			<string>PBXFileReference</string>
			<key>lastKnownFileType</key>
			<string>sourcecode.c.h</string>
			<key>path</key>
			<string>MMDrawerBarButtonItem.h</string>
			<key>sourceTree</key>
			<string>&lt;group&gt;</string>
		</dict>
		<key>AA134AFB17AAD09500725AB1</key>
		<dict>
			<key>fileEncoding</key>
			<string>4</string>
			<key>isa</key>
			<string>PBXFileReference</string>
			<key>lastKnownFileType</key>
			<string>sourcecode.c.objc</string>
			<key>path</key>
			<string>MMDrawerBarButtonItem.m</string>
			<key>sourceTree</key>
			<string>&lt;group&gt;</string>
		</dict>
		<key>AA134AFC17AAD09500725AB1</key>
		<dict>
			<key>fileEncoding</key>
			<string>4</string>
			<key>isa</key>
			<string>PBXFileReference</string>
			<key>lastKnownFileType</key>
			<string>sourcecode.c.h</string>
			<key>path</key>
			<string>MMDrawerController.h</string>
			<key>sourceTree</key>
			<string>&lt;group&gt;</string>
		</dict>
		<key>AA134AFD17AAD09500725AB1</key>
		<dict>
			<key>fileEncoding</key>
			<string>4</string>
			<key>isa</key>
			<string>PBXFileReference</string>
			<key>lastKnownFileType</key>
			<string>sourcecode.c.objc</string>
			<key>path</key>
			<string>MMDrawerController.m</string>
			<key>sourceTree</key>
			<string>&lt;group&gt;</string>
		</dict>
		<key>AA134AFE17AAD09500725AB1</key>
		<dict>
			<key>fileEncoding</key>
			<string>4</string>
			<key>isa</key>
			<string>PBXFileReference</string>
			<key>lastKnownFileType</key>
			<string>sourcecode.c.h</string>
			<key>path</key>
			<string>MMDrawerVisualState.h</string>
			<key>sourceTree</key>
			<string>&lt;group&gt;</string>
		</dict>
		<key>AA134AFF17AAD09500725AB1</key>
		<dict>
			<key>fileEncoding</key>
			<string>4</string>
			<key>isa</key>
			<string>PBXFileReference</string>
			<key>lastKnownFileType</key>
			<string>sourcecode.c.objc</string>
			<key>path</key>
			<string>MMDrawerVisualState.m</string>
			<key>sourceTree</key>
			<string>&lt;group&gt;</string>
		</dict>
		<key>AA134B0017AAD09500725AB1</key>
		<dict>
			<key>fileEncoding</key>
			<string>4</string>
			<key>isa</key>
			<string>PBXFileReference</string>
			<key>lastKnownFileType</key>
			<string>sourcecode.c.h</string>
			<key>path</key>
			<string>UIViewController+MMDrawerController.h</string>
			<key>sourceTree</key>
			<string>&lt;group&gt;</string>
		</dict>
		<key>AA134B0117AAD09500725AB1</key>
		<dict>
			<key>fileEncoding</key>
			<string>4</string>
			<key>isa</key>
			<string>PBXFileReference</string>
			<key>lastKnownFileType</key>
			<string>sourcecode.c.objc</string>
			<key>path</key>
			<string>UIViewController+MMDrawerController.m</string>
			<key>sourceTree</key>
			<string>&lt;group&gt;</string>
		</dict>
		<key>AA134B0217AAD09500725AB1</key>
		<dict>
			<key>fileRef</key>
			<string>AA134AFB17AAD09500725AB1</string>
			<key>isa</key>
			<string>PBXBuildFile</string>
		</dict>
		<key>AA134B0317AAD09500725AB1</key>
		<dict>
			<key>fileRef</key>
			<string>AA134AFD17AAD09500725AB1</string>
			<key>isa</key>
			<string>PBXBuildFile</string>
		</dict>
		<key>AA134B0417AAD09500725AB1</key>
		<dict>
			<key>fileRef</key>
			<string>AA134AFF17AAD09500725AB1</string>
			<key>isa</key>
			<string>PBXBuildFile</string>
		</dict>
		<key>AA134B0517AAD09500725AB1</key>
		<dict>
			<key>fileRef</key>
			<string>AA134B0117AAD09500725AB1</string>
			<key>isa</key>
			<string>PBXBuildFile</string>
		</dict>
		<key>AA134B0C17AAD17200725AB1</key>
		<dict>
			<key>fileEncoding</key>
			<string>4</string>
			<key>isa</key>
			<string>PBXFileReference</string>
			<key>lastKnownFileType</key>
			<string>sourcecode.c.h</string>
			<key>path</key>
			<string>FluxLeftDrawerViewController.h</string>
			<key>sourceTree</key>
			<string>&lt;group&gt;</string>
		</dict>
		<key>AA134B0D17AAD17200725AB1</key>
		<dict>
			<key>fileEncoding</key>
			<string>4</string>
			<key>isa</key>
			<string>PBXFileReference</string>
			<key>lastKnownFileType</key>
			<string>sourcecode.c.objc</string>
			<key>path</key>
			<string>FluxLeftDrawerViewController.m</string>
			<key>sourceTree</key>
			<string>&lt;group&gt;</string>
		</dict>
		<key>AA134B0E17AAD17200725AB1</key>
		<dict>
			<key>fileRef</key>
			<string>AA134B0D17AAD17200725AB1</string>
			<key>isa</key>
			<string>PBXBuildFile</string>
		</dict>
		<key>AA4CEF6C17A9586F00202A74</key>
		<dict>
			<key>children</key>
			<array>
				<string>AA4CEF6D17A958B000202A74</string>
				<string>AA4CEF6E17A958B000202A74</string>
				<string>AAED6C9617A2CD92004888FE</string>
				<string>AAED6C9717A2CD92004888FE</string>
				<string>AA85AD7017A995F7003EBC89</string>
			</array>
			<key>isa</key>
			<string>PBXGroup</string>
			<key>name</key>
			<string>Custom UI Elements</string>
			<key>sourceTree</key>
			<string>&lt;group&gt;</string>
		</dict>
		<key>AA4CEF6D17A958B000202A74</key>
		<dict>
			<key>fileEncoding</key>
			<string>4</string>
			<key>isa</key>
			<string>PBXFileReference</string>
			<key>lastKnownFileType</key>
			<string>sourcecode.c.h</string>
			<key>path</key>
			<string>KTPlaceholderTextView.h</string>
			<key>sourceTree</key>
			<string>&lt;group&gt;</string>
		</dict>
		<key>AA4CEF6E17A958B000202A74</key>
		<dict>
			<key>fileEncoding</key>
			<string>4</string>
			<key>isa</key>
			<string>PBXFileReference</string>
			<key>lastKnownFileType</key>
			<string>sourcecode.c.objc</string>
			<key>path</key>
			<string>KTPlaceholderTextView.m</string>
			<key>sourceTree</key>
			<string>&lt;group&gt;</string>
		</dict>
		<key>AA4CEF6F17A958B000202A74</key>
		<dict>
			<key>fileRef</key>
			<string>AA4CEF6E17A958B000202A74</string>
			<key>isa</key>
			<string>PBXBuildFile</string>
		</dict>
		<key>AA7FBCF517A6CB1700410E6B</key>
		<dict>
			<key>fileEncoding</key>
			<string>4</string>
			<key>isa</key>
			<string>PBXFileReference</string>
			<key>lastKnownFileType</key>
			<string>sourcecode.c.h</string>
			<key>path</key>
			<string>FluxImageAnnotationViewController.h</string>
			<key>sourceTree</key>
			<string>&lt;group&gt;</string>
		</dict>
		<key>AA7FBCF617A6CB1700410E6B</key>
		<dict>
			<key>fileEncoding</key>
			<string>4</string>
			<key>isa</key>
			<string>PBXFileReference</string>
			<key>lastKnownFileType</key>
			<string>sourcecode.c.objc</string>
			<key>path</key>
			<string>FluxImageAnnotationViewController.m</string>
			<key>sourceTree</key>
			<string>&lt;group&gt;</string>
		</dict>
		<key>AA7FBCF717A6CB1700410E6B</key>
		<dict>
			<key>fileRef</key>
			<string>AA7FBCF617A6CB1700410E6B</string>
			<key>isa</key>
			<string>PBXBuildFile</string>
		</dict>
		<key>AA7FBD3C17A6DD7600410E6B</key>
		<dict>
			<key>fileEncoding</key>
			<string>4</string>
			<key>isa</key>
			<string>PBXFileReference</string>
			<key>lastKnownFileType</key>
			<string>sourcecode.c.h</string>
			<key>path</key>
			<string>FluxCameraViewController.h</string>
			<key>sourceTree</key>
			<string>&lt;group&gt;</string>
		</dict>
		<key>AA7FBD3D17A6DD7600410E6B</key>
		<dict>
			<key>fileEncoding</key>
			<string>4</string>
			<key>isa</key>
			<string>PBXFileReference</string>
			<key>lastKnownFileType</key>
			<string>sourcecode.c.objc</string>
			<key>path</key>
			<string>FluxCameraViewController.m</string>
			<key>sourceTree</key>
			<string>&lt;group&gt;</string>
		</dict>
		<key>AA7FBD3E17A6DD7600410E6B</key>
		<dict>
			<key>fileRef</key>
			<string>AA7FBD3D17A6DD7600410E6B</string>
			<key>isa</key>
			<string>PBXBuildFile</string>
		</dict>
		<key>AA85AD7017A995F7003EBC89</key>
		<dict>
			<key>children</key>
			<array>
				<string>AA134AF917AAD09500725AB1</string>
			</array>
			<key>isa</key>
			<string>PBXGroup</string>
			<key>name</key>
			<string>3rd Party</string>
			<key>sourceTree</key>
			<string>&lt;group&gt;</string>
		</dict>
		<key>AA85AD7117A999A9003EBC89</key>
		<dict>
			<key>children</key>
			<array>
				<string>17604B811785CA59005CF054</string>
				<string>17604B821785CA59005CF054</string>
				<string>AA134AF817AAB8C700725AB1</string>
			</array>
			<key>isa</key>
			<string>PBXGroup</string>
			<key>name</key>
			<string>Scan View</string>
			<key>sourceTree</key>
			<string>&lt;group&gt;</string>
		</dict>
		<key>AA85AD7217A999D4003EBC89</key>
		<dict>
			<key>children</key>
			<array>
				<string>AA7FBD3C17A6DD7600410E6B</string>
				<string>AA7FBD3D17A6DD7600410E6B</string>
				<string>AA7FBCF517A6CB1700410E6B</string>
				<string>AA7FBCF617A6CB1700410E6B</string>
			</array>
			<key>isa</key>
			<string>PBXGroup</string>
			<key>name</key>
			<string>Camera Views</string>
			<key>sourceTree</key>
			<string>&lt;group&gt;</string>
		</dict>
		<key>AAB24E4817AAE21E00A9BE59</key>
		<dict>
			<key>fileEncoding</key>
			<string>4</string>
			<key>isa</key>
			<string>PBXFileReference</string>
			<key>lastKnownFileType</key>
			<string>sourcecode.c.h</string>
			<key>path</key>
			<string>FluxRightDrawerViewController.h</string>
			<key>sourceTree</key>
			<string>&lt;group&gt;</string>
		</dict>
		<key>AAB24E4917AAE21E00A9BE59</key>
		<dict>
			<key>fileEncoding</key>
			<string>4</string>
			<key>isa</key>
			<string>PBXFileReference</string>
			<key>lastKnownFileType</key>
			<string>sourcecode.c.objc</string>
			<key>path</key>
			<string>FluxRightDrawerViewController.m</string>
			<key>sourceTree</key>
			<string>&lt;group&gt;</string>
		</dict>
		<key>AAB24E4A17AAE21E00A9BE59</key>
		<dict>
			<key>fileRef</key>
			<string>AAB24E4917AAE21E00A9BE59</string>
			<key>isa</key>
			<string>PBXBuildFile</string>
		</dict>
		<key>AAB24E4B17AAE4BE00A9BE59</key>
		<dict>
			<key>fileEncoding</key>
			<string>4</string>
			<key>isa</key>
			<string>PBXFileReference</string>
			<key>lastKnownFileType</key>
			<string>sourcecode.c.h</string>
			<key>path</key>
			<string>FluxDrawerSwitchTableViewCell.h</string>
			<key>sourceTree</key>
			<string>&lt;group&gt;</string>
		</dict>
		<key>AAB24E4C17AAE4BE00A9BE59</key>
		<dict>
			<key>fileEncoding</key>
			<string>4</string>
			<key>isa</key>
			<string>PBXFileReference</string>
			<key>lastKnownFileType</key>
			<string>sourcecode.c.objc</string>
			<key>path</key>
			<string>FluxDrawerSwitchTableViewCell.m</string>
			<key>sourceTree</key>
			<string>&lt;group&gt;</string>
		</dict>
		<key>AAB24E4D17AAE4BE00A9BE59</key>
		<dict>
			<key>fileRef</key>
			<string>AAB24E4C17AAE4BE00A9BE59</string>
			<key>isa</key>
			<string>PBXBuildFile</string>
		</dict>
		<key>AAED6C9617A2CD92004888FE</key>
		<dict>
			<key>fileEncoding</key>
			<string>4</string>
			<key>isa</key>
			<string>PBXFileReference</string>
			<key>lastKnownFileType</key>
			<string>sourcecode.c.h</string>
			<key>path</key>
			<string>PassthroughView.h</string>
			<key>sourceTree</key>
			<string>&lt;group&gt;</string>
		</dict>
		<key>AAED6C9717A2CD92004888FE</key>
		<dict>
			<key>fileEncoding</key>
			<string>4</string>
			<key>isa</key>
			<string>PBXFileReference</string>
			<key>lastKnownFileType</key>
			<string>sourcecode.c.objc</string>
			<key>path</key>
			<string>PassthroughView.m</string>
			<key>sourceTree</key>
			<string>&lt;group&gt;</string>
		</dict>
		<key>AAED6C9817A2CD92004888FE</key>
		<dict>
			<key>fileRef</key>
			<string>AAED6C9717A2CD92004888FE</string>
			<key>isa</key>
			<string>PBXBuildFile</string>
		</dict>
		<key>CC546F3D9E1C463ABE3119A9</key>
		<dict>
			<key>includeInIndex</key>
			<string>1</string>
			<key>isa</key>
			<string>PBXFileReference</string>
			<key>lastKnownFileType</key>
			<string>text.xcconfig</string>
			<key>name</key>
			<string>Pods.xcconfig</string>
			<key>path</key>
			<string>Pods/Pods.xcconfig</string>
			<key>sourceTree</key>
			<string>SOURCE_ROOT</string>
		</dict>
		<key>DCDC5AB9480146C1BC963853</key>
		<dict>
			<key>explicitFileType</key>
			<string>archive.ar</string>
			<key>includeInIndex</key>
			<string>0</string>
			<key>isa</key>
			<string>PBXFileReference</string>
			<key>path</key>
			<string>libPods.a</string>
			<key>sourceTree</key>
			<string>BUILT_PRODUCTS_DIR</string>
		</dict>
	</dict>
	<key>rootObject</key>
	<string>17604B5B1785CA59005CF054</string>
</dict>
</plist>
